
Microsoft Visual Studio Solution File, Format Version 12.00
# Visual Studio 2012
Project("{F184B08F-C81C-45F6-A57F-5ABD9991F28F}") = "ExcelAddIn", "ExcelAddIn\ExcelAddIn.vbproj", "{7D9A5DC9-B043-4320-B059-CFA29511F3ED}"
EndProject
Project("{6141683F-8A12-4E36-9623-2EB02B2C2303}") = "OfficeAddInSetup", "OfficeAddInSetup\OfficeAddInSetup.isproj", "{B350524F-3B63-48AC-8556-4A39FB0C7711}"
	ProjectSection(ProjectDependencies) = postProject
		{7D9A5DC9-B043-4320-B059-CFA29511F3ED} = {7D9A5DC9-B043-4320-B059-CFA29511F3ED}
	EndProjectSection
EndProject
Global
	GlobalSection(SolutionConfigurationPlatforms) = preSolution
		CD_ROM|Any CPU = CD_ROM|Any CPU
		Debug|Any CPU = Debug|Any CPU
		DVD-5|Any CPU = DVD-5|Any CPU
		Release|Any CPU = Release|Any CPU
		SingleImage|Any CPU = SingleImage|Any CPU
	EndGlobalSection
	GlobalSection(ProjectConfigurationPlatforms) = postSolution
		{7D9A5DC9-B043-4320-B059-CFA29511F3ED}.CD_ROM|Any CPU.ActiveCfg = Release|Any CPU
		{7D9A5DC9-B043-4320-B059-CFA29511F3ED}.CD_ROM|Any CPU.Build.0 = Release|Any CPU
		{7D9A5DC9-B043-4320-B059-CFA29511F3ED}.Debug|Any CPU.ActiveCfg = Debug|Any CPU
		{7D9A5DC9-B043-4320-B059-CFA29511F3ED}.Debug|Any CPU.Build.0 = Debug|Any CPU
		{7D9A5DC9-B043-4320-B059-CFA29511F3ED}.DVD-5|Any CPU.ActiveCfg = Debug|Any CPU
		{7D9A5DC9-B043-4320-B059-CFA29511F3ED}.DVD-5|Any CPU.Build.0 = Debug|Any CPU
		{7D9A5DC9-B043-4320-B059-CFA29511F3ED}.Release|Any CPU.ActiveCfg = Release|Any CPU
		{7D9A5DC9-B043-4320-B059-CFA29511F3ED}.Release|Any CPU.Build.0 = Release|Any CPU
		{7D9A5DC9-B043-4320-B059-CFA29511F3ED}.SingleImage|Any CPU.ActiveCfg = Release|Any CPU
		{7D9A5DC9-B043-4320-B059-CFA29511F3ED}.SingleImage|Any CPU.Build.0 = Release|Any CPU
		{B350524F-3B63-48AC-8556-4A39FB0C7711}.CD_ROM|Any CPU.ActiveCfg = CD_ROM
		{B350524F-3B63-48AC-8556-4A39FB0C7711}.CD_ROM|Any CPU.Build.0 = CD_ROM
		{B350524F-3B63-48AC-8556-4A39FB0C7711}.Debug|Any CPU.ActiveCfg = DVD-5
		{B350524F-3B63-48AC-8556-4A39FB0C7711}.Debug|Any CPU.Build.0 = DVD-5
		{B350524F-3B63-48AC-8556-4A39FB0C7711}.DVD-5|Any CPU.ActiveCfg = DVD-5
		{B350524F-3B63-48AC-8556-4A39FB0C7711}.DVD-5|Any CPU.Build.0 = DVD-5
		{B350524F-3B63-48AC-8556-4A39FB0C7711}.Release|Any CPU.ActiveCfg = SingleImage
		{B350524F-3B63-48AC-8556-4A39FB0C7711}.Release|Any CPU.Build.0 = SingleImage
		{B350524F-3B63-48AC-8556-4A39FB0C7711}.SingleImage|Any CPU.ActiveCfg = SingleImage
		{B350524F-3B63-48AC-8556-4A39FB0C7711}.SingleImage|Any CPU.Build.0 = SingleImage
	EndGlobalSection
	GlobalSection(SolutionProperties) = preSolution
		HideSolutionNode = FALSE
	EndGlobalSection
EndGlobal
