
Microsoft Visual Studio Solution File, Format Version 11.00
# Visual Studio 2010
Project("{F184B08F-C81C-45F6-A57F-5ABD9991F28F}") = "DBTOSQL", "DBTOSQL.vbproj", "{55AEF464-E4BF-4CF1-98A0-4095D59B40C8}"
EndProject
Global
	GlobalSection(SolutionConfigurationPlatforms) = preSolution
		Debug|x86 = Debug|x86
		Release|x86 = Release|x86
	EndGlobalSection
	GlobalSection(ProjectConfigurationPlatforms) = postSolution
		{55AEF464-E4BF-4CF1-98A0-4095D59B40C8}.Debug|x86.ActiveCfg = Debug|x86
		{55AEF464-E4BF-4CF1-98A0-4095D59B40C8}.Debug|x86.Build.0 = Debug|x86
		{55AEF464-E4BF-4CF1-98A0-4095D59B40C8}.Release|x86.ActiveCfg = Release|x86
		{55AEF464-E4BF-4CF1-98A0-4095D59B40C8}.Release|x86.Build.0 = Release|x86
	EndGlobalSection
	GlobalSection(SolutionProperties) = preSolution
		HideSolutionNode = FALSE
	EndGlobalSection
EndGlobal
