
Microsoft Visual Studio Solution File, Format Version 11.00
# Visual Studio 2010
Project("{FAE04EC0-301F-11D3-BF4B-00C04F79EFBC}") = "Home", "Home\Home.csproj", "{DA91FD1F-6A5F-4A53-82C1-1F056D0F765A}"
EndProject
Project("{FAE04EC0-301F-11D3-BF4B-00C04F79EFBC}") = "CustomToolBar", "CustomToolbar\CustomToolBar.csproj", "{B59E8BB0-44C1-4689-8192-1278C410D437}"
EndProject
Project("{FAE04EC0-301F-11D3-BF4B-00C04F79EFBC}") = "CustomToolStripRenderer", "CustomToolstripRenderer\CustomToolStripRenderer.csproj", "{E7B5C92A-BB61-4A28-871E-6ABAB3A63D52}"
EndProject
Project("{FAE04EC0-301F-11D3-BF4B-00C04F79EFBC}") = "PrintingReportNoViewer", "PrintingReportNoViewer\PrintingReportNoViewer.csproj", "{00F5CAED-DFE9-4C7D-A751-03636E92805C}"
EndProject
Project("{FAE04EC0-301F-11D3-BF4B-00C04F79EFBC}") = "SupplyingData", "SupplyingData\SupplyingData.csproj", "{00FB90AA-25DA-45D2-B670-8B0CAE9EC0C0}"
EndProject
Project("{FAE04EC0-301F-11D3-BF4B-00C04F79EFBC}") = "RefreshData", "RefreshData\RefreshData.csproj", "{82CD042A-F090-4FBC-9E33-813B1DD908C5}"
EndProject
Project("{FAE04EC0-301F-11D3-BF4B-00C04F79EFBC}") = "SupplyingParameters", "SupplyingParameters\SupplyingParameters.csproj", "{9A66FAE8-4C21-44DD-93BD-7E282CF24D70}"
EndProject
Project("{2150E333-8FDC-42A3-9474-1A3956D46DE8}") = "Solution Items", "Solution Items", "{A4099B4D-FB2F-4219-84EF-417202943123}"
	ProjectSection(SolutionItems) = preProject
		Global.config = Global.config
	EndProjectSection
EndProject
Project("{FAE04EC0-301F-11D3-BF4B-00C04F79EFBC}") = "MyLibrary", "MyLibrary\MyLibrary.csproj", "{59FD2A61-9FED-45D9-B695-477DBFDBCEBE}"
EndProject
Project("{FAE04EC0-301F-11D3-BF4B-00C04F79EFBC}") = "CustomAssembly", "CustomAssembly\CustomAssembly.csproj", "{71E6A8F5-7CF0-413B-8B0F-2527CEDD25EA}"
EndProject
Project("{FAE04EC0-301F-11D3-BF4B-00C04F79EFBC}") = "ReportFromStream", "ReportFromStream\ReportFromStream.csproj", "{3A1FD50F-8CD1-42F7-B32A-51C36DEF187D}"
EndProject
Project("{FAE04EC0-301F-11D3-BF4B-00C04F79EFBC}") = "CustomCredentials", "CustomCredentials\CustomCredentials.csproj", "{B1E0C6C8-F80D-4162-8A4A-40073D31D794}"
EndProject
Global
	GlobalSection(SolutionConfigurationPlatforms) = preSolution
		Debug|Any CPU = Debug|Any CPU
		Debug|Mixed Platforms = Debug|Mixed Platforms
		Debug|x86 = Debug|x86
		Release|Any CPU = Release|Any CPU
		Release|Mixed Platforms = Release|Mixed Platforms
		Release|x86 = Release|x86
	EndGlobalSection
	GlobalSection(ProjectConfigurationPlatforms) = postSolution
		{DA91FD1F-6A5F-4A53-82C1-1F056D0F765A}.Debug|Any CPU.ActiveCfg = Debug|x86
		{DA91FD1F-6A5F-4A53-82C1-1F056D0F765A}.Debug|Mixed Platforms.ActiveCfg = Debug|x86
		{DA91FD1F-6A5F-4A53-82C1-1F056D0F765A}.Debug|Mixed Platforms.Build.0 = Debug|x86
		{DA91FD1F-6A5F-4A53-82C1-1F056D0F765A}.Debug|x86.ActiveCfg = Debug|x86
		{DA91FD1F-6A5F-4A53-82C1-1F056D0F765A}.Debug|x86.Build.0 = Debug|x86
		{DA91FD1F-6A5F-4A53-82C1-1F056D0F765A}.Release|Any CPU.ActiveCfg = Release|x86
		{DA91FD1F-6A5F-4A53-82C1-1F056D0F765A}.Release|Mixed Platforms.ActiveCfg = Release|x86
		{DA91FD1F-6A5F-4A53-82C1-1F056D0F765A}.Release|Mixed Platforms.Build.0 = Release|x86
		{DA91FD1F-6A5F-4A53-82C1-1F056D0F765A}.Release|x86.ActiveCfg = Release|x86
		{DA91FD1F-6A5F-4A53-82C1-1F056D0F765A}.Release|x86.Build.0 = Release|x86
		{B59E8BB0-44C1-4689-8192-1278C410D437}.Debug|Any CPU.ActiveCfg = Debug|x86
		{B59E8BB0-44C1-4689-8192-1278C410D437}.Debug|Mixed Platforms.ActiveCfg = Debug|x86
		{B59E8BB0-44C1-4689-8192-1278C410D437}.Debug|Mixed Platforms.Build.0 = Debug|x86
		{B59E8BB0-44C1-4689-8192-1278C410D437}.Debug|x86.ActiveCfg = Debug|x86
		{B59E8BB0-44C1-4689-8192-1278C410D437}.Debug|x86.Build.0 = Debug|x86
		{B59E8BB0-44C1-4689-8192-1278C410D437}.Release|Any CPU.ActiveCfg = Release|x86
		{B59E8BB0-44C1-4689-8192-1278C410D437}.Release|Mixed Platforms.ActiveCfg = Release|x86
		{B59E8BB0-44C1-4689-8192-1278C410D437}.Release|Mixed Platforms.Build.0 = Release|x86
		{B59E8BB0-44C1-4689-8192-1278C410D437}.Release|x86.ActiveCfg = Release|x86
		{B59E8BB0-44C1-4689-8192-1278C410D437}.Release|x86.Build.0 = Release|x86
		{E7B5C92A-BB61-4A28-871E-6ABAB3A63D52}.Debug|Any CPU.ActiveCfg = Debug|x86
		{E7B5C92A-BB61-4A28-871E-6ABAB3A63D52}.Debug|Mixed Platforms.ActiveCfg = Debug|x86
		{E7B5C92A-BB61-4A28-871E-6ABAB3A63D52}.Debug|Mixed Platforms.Build.0 = Debug|x86
		{E7B5C92A-BB61-4A28-871E-6ABAB3A63D52}.Debug|x86.ActiveCfg = Debug|x86
		{E7B5C92A-BB61-4A28-871E-6ABAB3A63D52}.Debug|x86.Build.0 = Debug|x86
		{E7B5C92A-BB61-4A28-871E-6ABAB3A63D52}.Release|Any CPU.ActiveCfg = Release|x86
		{E7B5C92A-BB61-4A28-871E-6ABAB3A63D52}.Release|Mixed Platforms.ActiveCfg = Release|x86
		{E7B5C92A-BB61-4A28-871E-6ABAB3A63D52}.Release|Mixed Platforms.Build.0 = Release|x86
		{E7B5C92A-BB61-4A28-871E-6ABAB3A63D52}.Release|x86.ActiveCfg = Release|x86
		{E7B5C92A-BB61-4A28-871E-6ABAB3A63D52}.Release|x86.Build.0 = Release|x86
		{00F5CAED-DFE9-4C7D-A751-03636E92805C}.Debug|Any CPU.ActiveCfg = Debug|x86
		{00F5CAED-DFE9-4C7D-A751-03636E92805C}.Debug|Mixed Platforms.ActiveCfg = Debug|x86
		{00F5CAED-DFE9-4C7D-A751-03636E92805C}.Debug|Mixed Platforms.Build.0 = Debug|x86
		{00F5CAED-DFE9-4C7D-A751-03636E92805C}.Debug|x86.ActiveCfg = Debug|x86
		{00F5CAED-DFE9-4C7D-A751-03636E92805C}.Debug|x86.Build.0 = Debug|x86
		{00F5CAED-DFE9-4C7D-A751-03636E92805C}.Release|Any CPU.ActiveCfg = Release|x86
		{00F5CAED-DFE9-4C7D-A751-03636E92805C}.Release|Mixed Platforms.ActiveCfg = Release|x86
		{00F5CAED-DFE9-4C7D-A751-03636E92805C}.Release|Mixed Platforms.Build.0 = Release|x86
		{00F5CAED-DFE9-4C7D-A751-03636E92805C}.Release|x86.ActiveCfg = Release|x86
		{00F5CAED-DFE9-4C7D-A751-03636E92805C}.Release|x86.Build.0 = Release|x86
		{00FB90AA-25DA-45D2-B670-8B0CAE9EC0C0}.Debug|Any CPU.ActiveCfg = Debug|x86
		{00FB90AA-25DA-45D2-B670-8B0CAE9EC0C0}.Debug|Mixed Platforms.ActiveCfg = Debug|x86
		{00FB90AA-25DA-45D2-B670-8B0CAE9EC0C0}.Debug|Mixed Platforms.Build.0 = Debug|x86
		{00FB90AA-25DA-45D2-B670-8B0CAE9EC0C0}.Debug|x86.ActiveCfg = Debug|x86
		{00FB90AA-25DA-45D2-B670-8B0CAE9EC0C0}.Debug|x86.Build.0 = Debug|x86
		{00FB90AA-25DA-45D2-B670-8B0CAE9EC0C0}.Release|Any CPU.ActiveCfg = Release|x86
		{00FB90AA-25DA-45D2-B670-8B0CAE9EC0C0}.Release|Mixed Platforms.ActiveCfg = Release|x86
		{00FB90AA-25DA-45D2-B670-8B0CAE9EC0C0}.Release|Mixed Platforms.Build.0 = Release|x86
		{00FB90AA-25DA-45D2-B670-8B0CAE9EC0C0}.Release|x86.ActiveCfg = Release|x86
		{00FB90AA-25DA-45D2-B670-8B0CAE9EC0C0}.Release|x86.Build.0 = Release|x86
		{82CD042A-F090-4FBC-9E33-813B1DD908C5}.Debug|Any CPU.ActiveCfg = Debug|x86
		{82CD042A-F090-4FBC-9E33-813B1DD908C5}.Debug|Mixed Platforms.ActiveCfg = Debug|x86
		{82CD042A-F090-4FBC-9E33-813B1DD908C5}.Debug|Mixed Platforms.Build.0 = Debug|x86
		{82CD042A-F090-4FBC-9E33-813B1DD908C5}.Debug|x86.ActiveCfg = Debug|x86
		{82CD042A-F090-4FBC-9E33-813B1DD908C5}.Debug|x86.Build.0 = Debug|x86
		{82CD042A-F090-4FBC-9E33-813B1DD908C5}.Release|Any CPU.ActiveCfg = Release|x86
		{82CD042A-F090-4FBC-9E33-813B1DD908C5}.Release|Mixed Platforms.ActiveCfg = Release|x86
		{82CD042A-F090-4FBC-9E33-813B1DD908C5}.Release|Mixed Platforms.Build.0 = Release|x86
		{82CD042A-F090-4FBC-9E33-813B1DD908C5}.Release|x86.ActiveCfg = Release|x86
		{82CD042A-F090-4FBC-9E33-813B1DD908C5}.Release|x86.Build.0 = Release|x86
		{9A66FAE8-4C21-44DD-93BD-7E282CF24D70}.Debug|Any CPU.ActiveCfg = Debug|x86
		{9A66FAE8-4C21-44DD-93BD-7E282CF24D70}.Debug|Mixed Platforms.ActiveCfg = Debug|x86
		{9A66FAE8-4C21-44DD-93BD-7E282CF24D70}.Debug|Mixed Platforms.Build.0 = Debug|x86
		{9A66FAE8-4C21-44DD-93BD-7E282CF24D70}.Debug|x86.ActiveCfg = Debug|x86
		{9A66FAE8-4C21-44DD-93BD-7E282CF24D70}.Debug|x86.Build.0 = Debug|x86
		{9A66FAE8-4C21-44DD-93BD-7E282CF24D70}.Release|Any CPU.ActiveCfg = Release|x86
		{9A66FAE8-4C21-44DD-93BD-7E282CF24D70}.Release|Mixed Platforms.ActiveCfg = Release|x86
		{9A66FAE8-4C21-44DD-93BD-7E282CF24D70}.Release|Mixed Platforms.Build.0 = Release|x86
		{9A66FAE8-4C21-44DD-93BD-7E282CF24D70}.Release|x86.ActiveCfg = Release|x86
		{9A66FAE8-4C21-44DD-93BD-7E282CF24D70}.Release|x86.Build.0 = Release|x86
		{59FD2A61-9FED-45D9-B695-477DBFDBCEBE}.Debug|Any CPU.ActiveCfg = Debug|Any CPU
		{59FD2A61-9FED-45D9-B695-477DBFDBCEBE}.Debug|Any CPU.Build.0 = Debug|Any CPU
		{59FD2A61-9FED-45D9-B695-477DBFDBCEBE}.Debug|Mixed Platforms.ActiveCfg = Debug|Any CPU
		{59FD2A61-9FED-45D9-B695-477DBFDBCEBE}.Debug|Mixed Platforms.Build.0 = Debug|Any CPU
		{59FD2A61-9FED-45D9-B695-477DBFDBCEBE}.Debug|x86.ActiveCfg = Debug|Any CPU
		{59FD2A61-9FED-45D9-B695-477DBFDBCEBE}.Release|Any CPU.ActiveCfg = Release|Any CPU
		{59FD2A61-9FED-45D9-B695-477DBFDBCEBE}.Release|Any CPU.Build.0 = Release|Any CPU
		{59FD2A61-9FED-45D9-B695-477DBFDBCEBE}.Release|Mixed Platforms.ActiveCfg = Release|Any CPU
		{59FD2A61-9FED-45D9-B695-477DBFDBCEBE}.Release|Mixed Platforms.Build.0 = Release|Any CPU
		{59FD2A61-9FED-45D9-B695-477DBFDBCEBE}.Release|x86.ActiveCfg = Release|Any CPU
		{71E6A8F5-7CF0-413B-8B0F-2527CEDD25EA}.Debug|Any CPU.ActiveCfg = Debug|x86
		{71E6A8F5-7CF0-413B-8B0F-2527CEDD25EA}.Debug|Mixed Platforms.ActiveCfg = Debug|x86
		{71E6A8F5-7CF0-413B-8B0F-2527CEDD25EA}.Debug|Mixed Platforms.Build.0 = Debug|x86
		{71E6A8F5-7CF0-413B-8B0F-2527CEDD25EA}.Debug|x86.ActiveCfg = Debug|x86
		{71E6A8F5-7CF0-413B-8B0F-2527CEDD25EA}.Debug|x86.Build.0 = Debug|x86
		{71E6A8F5-7CF0-413B-8B0F-2527CEDD25EA}.Release|Any CPU.ActiveCfg = Release|x86
		{71E6A8F5-7CF0-413B-8B0F-2527CEDD25EA}.Release|Mixed Platforms.ActiveCfg = Release|x86
		{71E6A8F5-7CF0-413B-8B0F-2527CEDD25EA}.Release|Mixed Platforms.Build.0 = Release|x86
		{71E6A8F5-7CF0-413B-8B0F-2527CEDD25EA}.Release|x86.ActiveCfg = Release|x86
		{71E6A8F5-7CF0-413B-8B0F-2527CEDD25EA}.Release|x86.Build.0 = Release|x86
		{3A1FD50F-8CD1-42F7-B32A-51C36DEF187D}.Debug|Any CPU.ActiveCfg = Debug|x86
		{3A1FD50F-8CD1-42F7-B32A-51C36DEF187D}.Debug|Mixed Platforms.ActiveCfg = Debug|x86
		{3A1FD50F-8CD1-42F7-B32A-51C36DEF187D}.Debug|Mixed Platforms.Build.0 = Debug|x86
		{3A1FD50F-8CD1-42F7-B32A-51C36DEF187D}.Debug|x86.ActiveCfg = Debug|x86
		{3A1FD50F-8CD1-42F7-B32A-51C36DEF187D}.Debug|x86.Build.0 = Debug|x86
		{3A1FD50F-8CD1-42F7-B32A-51C36DEF187D}.Release|Any CPU.ActiveCfg = Release|x86
		{3A1FD50F-8CD1-42F7-B32A-51C36DEF187D}.Release|Mixed Platforms.ActiveCfg = Release|x86
		{3A1FD50F-8CD1-42F7-B32A-51C36DEF187D}.Release|Mixed Platforms.Build.0 = Release|x86
		{3A1FD50F-8CD1-42F7-B32A-51C36DEF187D}.Release|x86.ActiveCfg = Release|x86
		{3A1FD50F-8CD1-42F7-B32A-51C36DEF187D}.Release|x86.Build.0 = Release|x86
		{B1E0C6C8-F80D-4162-8A4A-40073D31D794}.Debug|Any CPU.ActiveCfg = Debug|x86
		{B1E0C6C8-F80D-4162-8A4A-40073D31D794}.Debug|Mixed Platforms.ActiveCfg = Debug|x86
		{B1E0C6C8-F80D-4162-8A4A-40073D31D794}.Debug|Mixed Platforms.Build.0 = Debug|x86
		{B1E0C6C8-F80D-4162-8A4A-40073D31D794}.Debug|x86.ActiveCfg = Debug|x86
		{B1E0C6C8-F80D-4162-8A4A-40073D31D794}.Debug|x86.Build.0 = Debug|x86
		{B1E0C6C8-F80D-4162-8A4A-40073D31D794}.Release|Any CPU.ActiveCfg = Release|x86
		{B1E0C6C8-F80D-4162-8A4A-40073D31D794}.Release|Mixed Platforms.ActiveCfg = Release|x86
		{B1E0C6C8-F80D-4162-8A4A-40073D31D794}.Release|Mixed Platforms.Build.0 = Release|x86
		{B1E0C6C8-F80D-4162-8A4A-40073D31D794}.Release|x86.ActiveCfg = Release|x86
		{B1E0C6C8-F80D-4162-8A4A-40073D31D794}.Release|x86.Build.0 = Release|x86
	EndGlobalSection
	GlobalSection(SolutionProperties) = preSolution
		HideSolutionNode = FALSE
	EndGlobalSection
EndGlobal
