
Microsoft Visual Studio Solution File, Format Version 12.00
# Visual Studio 2013
VisualStudioVersion = 12.0.21005.1
MinimumVisualStudioVersion = 10.0.40219.1
Project("{FAE04EC0-301F-11D3-BF4B-00C04F79EFBC}") = "SiteMonitR.Web", "SiteMonitR.Web\SiteMonitR.Web.csproj", "{E611B85F-0C91-4C3F-B2C9-B3B88B629B55}"
EndProject
Project("{FAE04EC0-301F-11D3-BF4B-00C04F79EFBC}") = "SiteMonitR.WebJobs.Scheduled", "SiteMonitR.WebJobs.Scheduled\SiteMonitR.WebJobs.Scheduled.csproj", "{B8749E07-84EE-4888-9400-50B7C0F09C16}"
EndProject
Project("{FAE04EC0-301F-11D3-BF4B-00C04F79EFBC}") = "SiteMonitR.Common", "SiteMonitR.Common\SiteMonitR.Common.csproj", "{31A979F9-9A97-4A78-9D0C-B1266AA142C0}"
EndProject
Project("{FAE04EC0-301F-11D3-BF4B-00C04F79EFBC}") = "SiteMonitR.WebJobs.EventDriven", "SiteMonitR.WebJobs.EventDriven\SiteMonitR.WebJobs.EventDriven.csproj", "{9405E64D-1D1B-47E8-90D7-04C8AD5707CB}"
EndProject
Global
	GlobalSection(SolutionConfigurationPlatforms) = preSolution
		Debug|Any CPU = Debug|Any CPU
		Release|Any CPU = Release|Any CPU
	EndGlobalSection
	GlobalSection(ProjectConfigurationPlatforms) = postSolution
		{E611B85F-0C91-4C3F-B2C9-B3B88B629B55}.Debug|Any CPU.ActiveCfg = Debug|Any CPU
		{E611B85F-0C91-4C3F-B2C9-B3B88B629B55}.Debug|Any CPU.Build.0 = Debug|Any CPU
		{E611B85F-0C91-4C3F-B2C9-B3B88B629B55}.Release|Any CPU.ActiveCfg = Release|Any CPU
		{E611B85F-0C91-4C3F-B2C9-B3B88B629B55}.Release|Any CPU.Build.0 = Release|Any CPU
		{B8749E07-84EE-4888-9400-50B7C0F09C16}.Debug|Any CPU.ActiveCfg = Debug|Any CPU
		{B8749E07-84EE-4888-9400-50B7C0F09C16}.Debug|Any CPU.Build.0 = Debug|Any CPU
		{B8749E07-84EE-4888-9400-50B7C0F09C16}.Release|Any CPU.ActiveCfg = Release|Any CPU
		{B8749E07-84EE-4888-9400-50B7C0F09C16}.Release|Any CPU.Build.0 = Release|Any CPU
		{31A979F9-9A97-4A78-9D0C-B1266AA142C0}.Debug|Any CPU.ActiveCfg = Debug|Any CPU
		{31A979F9-9A97-4A78-9D0C-B1266AA142C0}.Debug|Any CPU.Build.0 = Debug|Any CPU
		{31A979F9-9A97-4A78-9D0C-B1266AA142C0}.Release|Any CPU.ActiveCfg = Release|Any CPU
		{31A979F9-9A97-4A78-9D0C-B1266AA142C0}.Release|Any CPU.Build.0 = Release|Any CPU
		{9405E64D-1D1B-47E8-90D7-04C8AD5707CB}.Debug|Any CPU.ActiveCfg = Debug|Any CPU
		{9405E64D-1D1B-47E8-90D7-04C8AD5707CB}.Debug|Any CPU.Build.0 = Debug|Any CPU
		{9405E64D-1D1B-47E8-90D7-04C8AD5707CB}.Release|Any CPU.ActiveCfg = Release|Any CPU
		{9405E64D-1D1B-47E8-90D7-04C8AD5707CB}.Release|Any CPU.Build.0 = Release|Any CPU
	EndGlobalSection
	GlobalSection(SolutionProperties) = preSolution
		HideSolutionNode = FALSE
	EndGlobalSection
EndGlobal
