
Microsoft Visual Studio Solution File, Format Version 11.00
# Visual Studio 2010
Project("{FAE04EC0-301F-11D3-BF4B-00C04F79EFBC}") = "OptionPricing_CSharp", "OptionPricing_CSharp.csproj", "{860AF62E-9DEA-4478-A3C5-E14BFC5C6A98}"
EndProject
Global
	GlobalSection(SolutionConfigurationPlatforms) = preSolution
		Debug|Any CPU = Debug|Any CPU
		Release|Any CPU = Release|Any CPU
	EndGlobalSection
	GlobalSection(ProjectConfigurationPlatforms) = postSolution
		{860AF62E-9DEA-4478-A3C5-E14BFC5C6A98}.Debug|Any CPU.ActiveCfg = Debug|Any CPU
		{860AF62E-9DEA-4478-A3C5-E14BFC5C6A98}.Debug|Any CPU.Build.0 = Debug|Any CPU
		{860AF62E-9DEA-4478-A3C5-E14BFC5C6A98}.Release|Any CPU.ActiveCfg = Release|Any CPU
		{860AF62E-9DEA-4478-A3C5-E14BFC5C6A98}.Release|Any CPU.Build.0 = Release|Any CPU
	EndGlobalSection
	GlobalSection(SolutionProperties) = preSolution
		HideSolutionNode = FALSE
	EndGlobalSection
EndGlobal
