
Microsoft Visual Studio Solution File, Format Version 12.00
# Visual Studio 2012
Project("{F184B08F-C81C-45F6-A57F-5ABD9991F28F}") = "SolidEdge.Automation", "SolidEdge.Automation\SolidEdge.Automation.vbproj", "{F6C0BF91-598A-4803-B911-0096264C9FEE}"
EndProject
Project("{F184B08F-C81C-45F6-A57F-5ABD9991F28F}") = "SolidEdge.ApplicationEvents", "SolidEdge.ApplicationEvents\SolidEdge.ApplicationEvents.vbproj", "{37F1FAB6-DE28-4EA1-A223-768251DD17BD}"
EndProject
Project("{F184B08F-C81C-45F6-A57F-5ABD9991F28F}") = "SolidEdge.Assembly.BOM", "SolidEdge.Assembly.BOM\SolidEdge.Assembly.BOM.vbproj", "{38150385-B439-4CAB-AB23-7D856B042456}"
EndProject
Project("{F184B08F-C81C-45F6-A57F-5ABD9991F28F}") = "SolidEdge.Assembly.Occurrences", "SolidEdge.Assembly.Occurrences\SolidEdge.Assembly.Occurrences.vbproj", "{BF5730A3-473A-49A2-B906-46E44AC777CF}"
EndProject
Project("{F184B08F-C81C-45F6-A57F-5ABD9991F28F}") = "SolidEdge.Assembly.StructuralFrames", "SolidEdge.Assembly.StructuralFrames\SolidEdge.Assembly.StructuralFrames.vbproj", "{64DDCE03-690B-418E-BDC0-516816E4CFDF}"
EndProject
Project("{F184B08F-C81C-45F6-A57F-5ABD9991F28F}") = "SolidEdge.Draft.Balloons", "SolidEdge.Draft.Balloons\SolidEdge.Draft.Balloons.vbproj", "{08A1E7BD-6EEB-4DBC-971B-8D8C81B605BC}"
EndProject
Project("{F184B08F-C81C-45F6-A57F-5ABD9991F28F}") = "SolidEdge.Draft.BatchPrint", "SolidEdge.Draft.BatchPrint\SolidEdge.Draft.BatchPrint.vbproj", "{048CB2DE-3885-4F96-90F3-7A93E8975660}"
EndProject
Project("{F184B08F-C81C-45F6-A57F-5ABD9991F28F}") = "SolidEdge.Draft.Dimensions", "SolidEdge.Draft.Dimensions\SolidEdge.Draft.Dimensions.vbproj", "{0C691455-7D58-4633-A65B-924FC0C2830A}"
EndProject
Project("{F184B08F-C81C-45F6-A57F-5ABD9991F28F}") = "SolidEdge.Draft.DrawingView", "SolidEdge.Draft.DrawingView\SolidEdge.Draft.DrawingView.vbproj", "{EB261A93-3996-4EFA-A6B1-47FBEF71D3ED}"
EndProject
Project("{F184B08F-C81C-45F6-A57F-5ABD9991F28F}") = "SolidEdge.Draft.DrawingViewTo2D", "SolidEdge.Draft.DrawingViewTo2D\SolidEdge.Draft.DrawingViewTo2D.vbproj", "{C8173416-5CBB-479D-AAF8-2816614672C3}"
EndProject
Project("{F184B08F-C81C-45F6-A57F-5ABD9991F28F}") = "SolidEdge.Draft.Leader", "SolidEdge.Draft.Leader\SolidEdge.Draft.Leader.vbproj", "{F3D21909-CAC9-4AE2-B1C1-912B6C4131E0}"
EndProject
Project("{F184B08F-C81C-45F6-A57F-5ABD9991F28F}") = "SolidEdge.Draft.Sheets", "SolidEdge.Draft.Sheets\SolidEdge.Draft.Sheets.vbproj", "{56D7E7DF-ED5B-4AB6-AE39-3777593B257E}"
EndProject
Project("{F184B08F-C81C-45F6-A57F-5ABD9991F28F}") = "SolidEdge.Draft.UpdateViews", "SolidEdge.Draft.UpdateViews\SolidEdge.Draft.UpdateViews.vbproj", "{43D3066C-2B0E-40C2-8F5A-A502CB4AC2C3}"
EndProject
Project("{F184B08F-C81C-45F6-A57F-5ABD9991F28F}") = "SolidEdge.GlobalParameters", "SolidEdge.GlobalParameters\SolidEdge.GlobalParameters.vbproj", "{A8AE8C5C-A055-478C-8211-70E0CEC9FDFE}"
EndProject
Project("{F184B08F-C81C-45F6-A57F-5ABD9991F28F}") = "SolidEdge.InstallData", "SolidEdge.InstallData\SolidEdge.InstallData.vbproj", "{BA07EB14-F259-4337-85CB-565649CD49C4}"
EndProject
Project("{F184B08F-C81C-45F6-A57F-5ABD9991F28F}") = "SolidEdge.Part.BSplineCurves", "SolidEdge.Part.BSplineCurves\SolidEdge.Part.BSplineCurves.vbproj", "{79B68445-34E3-4DE9-ACA8-76862C635434}"
EndProject
Project("{F184B08F-C81C-45F6-A57F-5ABD9991F28F}") = "SolidEdge.Part.FaceRotates", "SolidEdge.Part.FaceRotates\SolidEdge.Part.FaceRotates.vbproj", "{D0BA70F7-2677-434A-8801-7CDE0AFEC1C2}"
EndProject
Project("{F184B08F-C81C-45F6-A57F-5ABD9991F28F}") = "SolidEdge.Part.FiniteExtrudedProtrusion", "SolidEdge.Part.FiniteExtrudedProtrusion\SolidEdge.Part.FiniteExtrudedProtrusion.vbproj", "{3BDC96EF-9FCE-4671-9FA7-596D044D75BC}"
EndProject
Project("{F184B08F-C81C-45F6-A57F-5ABD9991F28F}") = "SolidEdge.Part.FiniteRevolvedProtrusion", "SolidEdge.Part.FiniteRevolvedProtrusion\SolidEdge.Part.FiniteRevolvedProtrusion.vbproj", "{0606AAD2-9563-4A86-AFB1-AD0B2D9EEF0E}"
EndProject
Project("{F184B08F-C81C-45F6-A57F-5ABD9991F28F}") = "SolidEdge.Part.Holes", "SolidEdge.Part.Holes\SolidEdge.Part.Holes.vbproj", "{99F61938-6799-46F7-A264-31D1B35619CE}"
EndProject
Project("{F184B08F-C81C-45F6-A57F-5ABD9991F28F}") = "SolidEdge.Part.PhysicalProperties", "SolidEdge.Part.PhysicalProperties\SolidEdge.Part.PhysicalProperties.vbproj", "{FC22E2EE-81AE-4123-9721-286EDE148D3A}"
EndProject
Project("{F184B08F-C81C-45F6-A57F-5ABD9991F28F}") = "SolidEdge.Part.SweptProtrusion", "SolidEdge.Part.SweptProtrusion\SolidEdge.Part.SweptProtrusion.vbproj", "{F99D87A5-EE16-4CEF-AA0E-7B42BF125FEB}"
EndProject
Project("{F184B08F-C81C-45F6-A57F-5ABD9991F28F}") = "SolidEdge.PropertySets", "SolidEdge.PropertySets\SolidEdge.PropertySets.vbproj", "{82CA4176-B01E-4149-850F-04F42498848B}"
EndProject
Project("{F184B08F-C81C-45F6-A57F-5ABD9991F28F}") = "SolidEdge.SaveAsImage", "SolidEdge.SaveAsImage\SolidEdge.SaveAsImage.vbproj", "{CCED809E-C93B-4F6F-B373-130742BD9A32}"
EndProject
Project("{F184B08F-C81C-45F6-A57F-5ABD9991F28F}") = "SolidEdge.SaveAsJT", "SolidEdge.SaveAsJT\SolidEdge.SaveAsJT.vbproj", "{4B99F943-85A8-4813-911D-E747091A9D70}"
EndProject
Project("{F184B08F-C81C-45F6-A57F-5ABD9991F28F}") = "SolidEdge.SheetMetal.Dimples", "SolidEdge.SheetMetal.Dimples\SolidEdge.SheetMetal.Dimples.vbproj", "{406F9F61-45D9-4814-99D2-709CC307A478}"
EndProject
Project("{F184B08F-C81C-45F6-A57F-5ABD9991F28F}") = "SolidEdge.SheetMetal.ExtrudedCutouts", "SolidEdge.SheetMetal.ExtrudedCutouts\SolidEdge.SheetMetal.ExtrudedCutouts.vbproj", "{E7BB6F0C-358A-449B-AD94-79393AA0B5E6}"
EndProject
Project("{F184B08F-C81C-45F6-A57F-5ABD9991F28F}") = "SolidEdge.SheetMetal.Holes", "SolidEdge.SheetMetal.Holes\SolidEdge.SheetMetal.Holes.vbproj", "{E7FE5FA6-59D0-44C1-9731-86C2E0360951}"
EndProject
Project("{F184B08F-C81C-45F6-A57F-5ABD9991F28F}") = "SolidEdge.SheetMetal.PhysicalProperties", "SolidEdge.SheetMetal.PhysicalProperties\SolidEdge.SheetMetal.PhysicalProperties.vbproj", "{4009AB50-860A-4A7B-8801-8B56C5D84609}"
EndProject
Project("{F184B08F-C81C-45F6-A57F-5ABD9991F28F}") = "SolidEdge.SheetMetal.SaveAsFlat", "SolidEdge.SheetMetal.SaveAsFlat\SolidEdge.SheetMetal.SaveAsFlat.vbproj", "{C57ADADF-04BF-47D1-9998-D39113C5C3C4}"
EndProject
Project("{F184B08F-C81C-45F6-A57F-5ABD9991F28F}") = "SolidEdge.SheetMetal.Tabs", "SolidEdge.SheetMetal.Tabs\SolidEdge.SheetMetal.Tabs.vbproj", "{1859E0E9-7F6C-4C15-B4D7-80F76B0A359A}"
EndProject
Project("{F184B08F-C81C-45F6-A57F-5ABD9991F28F}") = "SolidEdge.UnitsOfMeasure", "SolidEdge.UnitsOfMeasure\SolidEdge.UnitsOfMeasure.vbproj", "{6B52DF5A-3BC4-4CAC-BC75-A5D710FB55CD}"
EndProject
Project("{F184B08F-C81C-45F6-A57F-5ABD9991F28F}") = "SolidEdge.Variables", "SolidEdge.Variables\SolidEdge.Variables.vbproj", "{E7E7E451-398A-4004-A24C-2550C907B13D}"
EndProject
Project("{2150E333-8FDC-42A3-9474-1A3956D46DE8}") = ".nuget", ".nuget", "{9FECCA5F-4542-4767-AB2C-B6607B88D3D2}"
	ProjectSection(SolutionItems) = preProject
		.nuget\NuGet.Config = .nuget\NuGet.Config
		.nuget\NuGet.exe = .nuget\NuGet.exe
		.nuget\NuGet.targets = .nuget\NuGet.targets
	EndProjectSection
EndProject
Project("{2150E333-8FDC-42A3-9474-1A3956D46DE8}") = "SolidEdge", "SolidEdge", "{B27DDD72-DB34-47DB-8A3B-E626268FEB12}"
EndProject
Project("{2150E333-8FDC-42A3-9474-1A3956D46DE8}") = "SolidEdge.Assembly", "SolidEdge.Assembly", "{FA614E92-F7EC-40B3-95D3-46111B639370}"
EndProject
Project("{2150E333-8FDC-42A3-9474-1A3956D46DE8}") = "SolidEdge.Draft", "SolidEdge.Draft", "{06018890-6B60-4564-A78A-49681B071C11}"
EndProject
Project("{2150E333-8FDC-42A3-9474-1A3956D46DE8}") = "SolidEdge.Part", "SolidEdge.Part", "{3ABE6B49-D524-4613-80D9-F3BA1AFD2498}"
EndProject
Project("{2150E333-8FDC-42A3-9474-1A3956D46DE8}") = "SolidEdge.SheetMetal", "SolidEdge.SheetMetal", "{1D863344-7311-4842-9553-F0F02CE6272E}"
EndProject
Project("{F184B08F-C81C-45F6-A57F-5ABD9991F28F}") = "SolidEdge.Documents", "SolidEdge.Documents\SolidEdge.Documents.vbproj", "{BDC1BA47-DF0E-4707-8CBF-EDA25F83B825}"
EndProject
Project("{2150E333-8FDC-42A3-9474-1A3956D46DE8}") = "SolidEdge.Addin", "SolidEdge.Addin", "{E6B835B9-89C3-417A-AE88-A184DE4406F7}"
EndProject
Project("{F184B08F-C81C-45F6-A57F-5ABD9991F28F}") = "SolidEdge.AddIn.Basic", "SolidEdge.AddIn.Basic\SolidEdge.AddIn.Basic.vbproj", "{00ABDA03-B4AD-445F-91B3-D4B8E5480CF2}"
EndProject
Project("{F184B08F-C81C-45F6-A57F-5ABD9991F28F}") = "SolidEdge.AddIn.EdgeBar", "SolidEdge.AddIn.EdgeBar\SolidEdge.AddIn.EdgeBar.vbproj", "{0E7BCF57-E846-4E98-A589-DE1F90571690}"
EndProject
Project("{F184B08F-C81C-45F6-A57F-5ABD9991F28F}") = "SolidEdge.SelectSet", "SolidEdge.SelectSet\SolidEdge.SelectSet.vbproj", "{148FB9F6-CFDF-4A24-ACB6-C9EC294F42CE}"
EndProject
Project("{F184B08F-C81C-45F6-A57F-5ABD9991F28F}") = "SolidEdge.Assembly.Relations3d", "SolidEdge.Assembly.Relations3d\SolidEdge.Assembly.Relations3d.vbproj", "{4C50B674-9A34-4A58-93A3-8F7911FA3533}"
EndProject
Global
	GlobalSection(SolutionConfigurationPlatforms) = preSolution
		Debug|Any CPU = Debug|Any CPU
		Release|Any CPU = Release|Any CPU
	EndGlobalSection
	GlobalSection(ProjectConfigurationPlatforms) = postSolution
		{F6C0BF91-598A-4803-B911-0096264C9FEE}.Debug|Any CPU.ActiveCfg = Debug|Any CPU
		{F6C0BF91-598A-4803-B911-0096264C9FEE}.Debug|Any CPU.Build.0 = Debug|Any CPU
		{F6C0BF91-598A-4803-B911-0096264C9FEE}.Release|Any CPU.ActiveCfg = Release|Any CPU
		{F6C0BF91-598A-4803-B911-0096264C9FEE}.Release|Any CPU.Build.0 = Release|Any CPU
		{37F1FAB6-DE28-4EA1-A223-768251DD17BD}.Debug|Any CPU.ActiveCfg = Debug|Any CPU
		{37F1FAB6-DE28-4EA1-A223-768251DD17BD}.Debug|Any CPU.Build.0 = Debug|Any CPU
		{37F1FAB6-DE28-4EA1-A223-768251DD17BD}.Release|Any CPU.ActiveCfg = Release|Any CPU
		{37F1FAB6-DE28-4EA1-A223-768251DD17BD}.Release|Any CPU.Build.0 = Release|Any CPU
		{38150385-B439-4CAB-AB23-7D856B042456}.Debug|Any CPU.ActiveCfg = Debug|Any CPU
		{38150385-B439-4CAB-AB23-7D856B042456}.Debug|Any CPU.Build.0 = Debug|Any CPU
		{38150385-B439-4CAB-AB23-7D856B042456}.Release|Any CPU.ActiveCfg = Release|Any CPU
		{38150385-B439-4CAB-AB23-7D856B042456}.Release|Any CPU.Build.0 = Release|Any CPU
		{BF5730A3-473A-49A2-B906-46E44AC777CF}.Debug|Any CPU.ActiveCfg = Debug|Any CPU
		{BF5730A3-473A-49A2-B906-46E44AC777CF}.Debug|Any CPU.Build.0 = Debug|Any CPU
		{BF5730A3-473A-49A2-B906-46E44AC777CF}.Release|Any CPU.ActiveCfg = Release|Any CPU
		{BF5730A3-473A-49A2-B906-46E44AC777CF}.Release|Any CPU.Build.0 = Release|Any CPU
		{64DDCE03-690B-418E-BDC0-516816E4CFDF}.Debug|Any CPU.ActiveCfg = Debug|Any CPU
		{64DDCE03-690B-418E-BDC0-516816E4CFDF}.Debug|Any CPU.Build.0 = Debug|Any CPU
		{64DDCE03-690B-418E-BDC0-516816E4CFDF}.Release|Any CPU.ActiveCfg = Release|Any CPU
		{64DDCE03-690B-418E-BDC0-516816E4CFDF}.Release|Any CPU.Build.0 = Release|Any CPU
		{08A1E7BD-6EEB-4DBC-971B-8D8C81B605BC}.Debug|Any CPU.ActiveCfg = Debug|Any CPU
		{08A1E7BD-6EEB-4DBC-971B-8D8C81B605BC}.Debug|Any CPU.Build.0 = Debug|Any CPU
		{08A1E7BD-6EEB-4DBC-971B-8D8C81B605BC}.Release|Any CPU.ActiveCfg = Release|Any CPU
		{08A1E7BD-6EEB-4DBC-971B-8D8C81B605BC}.Release|Any CPU.Build.0 = Release|Any CPU
		{048CB2DE-3885-4F96-90F3-7A93E8975660}.Debug|Any CPU.ActiveCfg = Debug|Any CPU
		{048CB2DE-3885-4F96-90F3-7A93E8975660}.Debug|Any CPU.Build.0 = Debug|Any CPU
		{048CB2DE-3885-4F96-90F3-7A93E8975660}.Release|Any CPU.ActiveCfg = Release|Any CPU
		{048CB2DE-3885-4F96-90F3-7A93E8975660}.Release|Any CPU.Build.0 = Release|Any CPU
		{0C691455-7D58-4633-A65B-924FC0C2830A}.Debug|Any CPU.ActiveCfg = Debug|Any CPU
		{0C691455-7D58-4633-A65B-924FC0C2830A}.Debug|Any CPU.Build.0 = Debug|Any CPU
		{0C691455-7D58-4633-A65B-924FC0C2830A}.Release|Any CPU.ActiveCfg = Release|Any CPU
		{0C691455-7D58-4633-A65B-924FC0C2830A}.Release|Any CPU.Build.0 = Release|Any CPU
		{EB261A93-3996-4EFA-A6B1-47FBEF71D3ED}.Debug|Any CPU.ActiveCfg = Debug|Any CPU
		{EB261A93-3996-4EFA-A6B1-47FBEF71D3ED}.Debug|Any CPU.Build.0 = Debug|Any CPU
		{EB261A93-3996-4EFA-A6B1-47FBEF71D3ED}.Release|Any CPU.ActiveCfg = Release|Any CPU
		{EB261A93-3996-4EFA-A6B1-47FBEF71D3ED}.Release|Any CPU.Build.0 = Release|Any CPU
		{C8173416-5CBB-479D-AAF8-2816614672C3}.Debug|Any CPU.ActiveCfg = Debug|Any CPU
		{C8173416-5CBB-479D-AAF8-2816614672C3}.Debug|Any CPU.Build.0 = Debug|Any CPU
		{C8173416-5CBB-479D-AAF8-2816614672C3}.Release|Any CPU.ActiveCfg = Release|Any CPU
		{C8173416-5CBB-479D-AAF8-2816614672C3}.Release|Any CPU.Build.0 = Release|Any CPU
		{F3D21909-CAC9-4AE2-B1C1-912B6C4131E0}.Debug|Any CPU.ActiveCfg = Debug|Any CPU
		{F3D21909-CAC9-4AE2-B1C1-912B6C4131E0}.Debug|Any CPU.Build.0 = Debug|Any CPU
		{F3D21909-CAC9-4AE2-B1C1-912B6C4131E0}.Release|Any CPU.ActiveCfg = Release|Any CPU
		{F3D21909-CAC9-4AE2-B1C1-912B6C4131E0}.Release|Any CPU.Build.0 = Release|Any CPU
		{56D7E7DF-ED5B-4AB6-AE39-3777593B257E}.Debug|Any CPU.ActiveCfg = Debug|Any CPU
		{56D7E7DF-ED5B-4AB6-AE39-3777593B257E}.Debug|Any CPU.Build.0 = Debug|Any CPU
		{56D7E7DF-ED5B-4AB6-AE39-3777593B257E}.Release|Any CPU.ActiveCfg = Release|Any CPU
		{56D7E7DF-ED5B-4AB6-AE39-3777593B257E}.Release|Any CPU.Build.0 = Release|Any CPU
		{43D3066C-2B0E-40C2-8F5A-A502CB4AC2C3}.Debug|Any CPU.ActiveCfg = Debug|Any CPU
		{43D3066C-2B0E-40C2-8F5A-A502CB4AC2C3}.Debug|Any CPU.Build.0 = Debug|Any CPU
		{43D3066C-2B0E-40C2-8F5A-A502CB4AC2C3}.Release|Any CPU.ActiveCfg = Release|Any CPU
		{43D3066C-2B0E-40C2-8F5A-A502CB4AC2C3}.Release|Any CPU.Build.0 = Release|Any CPU
		{A8AE8C5C-A055-478C-8211-70E0CEC9FDFE}.Debug|Any CPU.ActiveCfg = Debug|Any CPU
		{A8AE8C5C-A055-478C-8211-70E0CEC9FDFE}.Debug|Any CPU.Build.0 = Debug|Any CPU
		{A8AE8C5C-A055-478C-8211-70E0CEC9FDFE}.Release|Any CPU.ActiveCfg = Release|Any CPU
		{A8AE8C5C-A055-478C-8211-70E0CEC9FDFE}.Release|Any CPU.Build.0 = Release|Any CPU
		{BA07EB14-F259-4337-85CB-565649CD49C4}.Debug|Any CPU.ActiveCfg = Debug|Any CPU
		{BA07EB14-F259-4337-85CB-565649CD49C4}.Debug|Any CPU.Build.0 = Debug|Any CPU
		{BA07EB14-F259-4337-85CB-565649CD49C4}.Release|Any CPU.ActiveCfg = Release|Any CPU
		{BA07EB14-F259-4337-85CB-565649CD49C4}.Release|Any CPU.Build.0 = Release|Any CPU
		{79B68445-34E3-4DE9-ACA8-76862C635434}.Debug|Any CPU.ActiveCfg = Debug|Any CPU
		{79B68445-34E3-4DE9-ACA8-76862C635434}.Debug|Any CPU.Build.0 = Debug|Any CPU
		{79B68445-34E3-4DE9-ACA8-76862C635434}.Release|Any CPU.ActiveCfg = Release|Any CPU
		{79B68445-34E3-4DE9-ACA8-76862C635434}.Release|Any CPU.Build.0 = Release|Any CPU
		{D0BA70F7-2677-434A-8801-7CDE0AFEC1C2}.Debug|Any CPU.ActiveCfg = Debug|Any CPU
		{D0BA70F7-2677-434A-8801-7CDE0AFEC1C2}.Debug|Any CPU.Build.0 = Debug|Any CPU
		{D0BA70F7-2677-434A-8801-7CDE0AFEC1C2}.Release|Any CPU.ActiveCfg = Release|Any CPU
		{D0BA70F7-2677-434A-8801-7CDE0AFEC1C2}.Release|Any CPU.Build.0 = Release|Any CPU
		{3BDC96EF-9FCE-4671-9FA7-596D044D75BC}.Debug|Any CPU.ActiveCfg = Debug|Any CPU
		{3BDC96EF-9FCE-4671-9FA7-596D044D75BC}.Debug|Any CPU.Build.0 = Debug|Any CPU
		{3BDC96EF-9FCE-4671-9FA7-596D044D75BC}.Release|Any CPU.ActiveCfg = Release|Any CPU
		{3BDC96EF-9FCE-4671-9FA7-596D044D75BC}.Release|Any CPU.Build.0 = Release|Any CPU
		{0606AAD2-9563-4A86-AFB1-AD0B2D9EEF0E}.Debug|Any CPU.ActiveCfg = Debug|Any CPU
		{0606AAD2-9563-4A86-AFB1-AD0B2D9EEF0E}.Debug|Any CPU.Build.0 = Debug|Any CPU
		{0606AAD2-9563-4A86-AFB1-AD0B2D9EEF0E}.Release|Any CPU.ActiveCfg = Release|Any CPU
		{0606AAD2-9563-4A86-AFB1-AD0B2D9EEF0E}.Release|Any CPU.Build.0 = Release|Any CPU
		{99F61938-6799-46F7-A264-31D1B35619CE}.Debug|Any CPU.ActiveCfg = Debug|Any CPU
		{99F61938-6799-46F7-A264-31D1B35619CE}.Debug|Any CPU.Build.0 = Debug|Any CPU
		{99F61938-6799-46F7-A264-31D1B35619CE}.Release|Any CPU.ActiveCfg = Release|Any CPU
		{99F61938-6799-46F7-A264-31D1B35619CE}.Release|Any CPU.Build.0 = Release|Any CPU
		{FC22E2EE-81AE-4123-9721-286EDE148D3A}.Debug|Any CPU.ActiveCfg = Debug|Any CPU
		{FC22E2EE-81AE-4123-9721-286EDE148D3A}.Debug|Any CPU.Build.0 = Debug|Any CPU
		{FC22E2EE-81AE-4123-9721-286EDE148D3A}.Release|Any CPU.ActiveCfg = Release|Any CPU
		{FC22E2EE-81AE-4123-9721-286EDE148D3A}.Release|Any CPU.Build.0 = Release|Any CPU
		{F99D87A5-EE16-4CEF-AA0E-7B42BF125FEB}.Debug|Any CPU.ActiveCfg = Debug|Any CPU
		{F99D87A5-EE16-4CEF-AA0E-7B42BF125FEB}.Debug|Any CPU.Build.0 = Debug|Any CPU
		{F99D87A5-EE16-4CEF-AA0E-7B42BF125FEB}.Release|Any CPU.ActiveCfg = Release|Any CPU
		{F99D87A5-EE16-4CEF-AA0E-7B42BF125FEB}.Release|Any CPU.Build.0 = Release|Any CPU
		{82CA4176-B01E-4149-850F-04F42498848B}.Debug|Any CPU.ActiveCfg = Debug|Any CPU
		{82CA4176-B01E-4149-850F-04F42498848B}.Debug|Any CPU.Build.0 = Debug|Any CPU
		{82CA4176-B01E-4149-850F-04F42498848B}.Release|Any CPU.ActiveCfg = Release|Any CPU
		{82CA4176-B01E-4149-850F-04F42498848B}.Release|Any CPU.Build.0 = Release|Any CPU
		{CCED809E-C93B-4F6F-B373-130742BD9A32}.Debug|Any CPU.ActiveCfg = Debug|Any CPU
		{CCED809E-C93B-4F6F-B373-130742BD9A32}.Debug|Any CPU.Build.0 = Debug|Any CPU
		{CCED809E-C93B-4F6F-B373-130742BD9A32}.Release|Any CPU.ActiveCfg = Release|Any CPU
		{CCED809E-C93B-4F6F-B373-130742BD9A32}.Release|Any CPU.Build.0 = Release|Any CPU
		{4B99F943-85A8-4813-911D-E747091A9D70}.Debug|Any CPU.ActiveCfg = Debug|Any CPU
		{4B99F943-85A8-4813-911D-E747091A9D70}.Debug|Any CPU.Build.0 = Debug|Any CPU
		{4B99F943-85A8-4813-911D-E747091A9D70}.Release|Any CPU.ActiveCfg = Release|Any CPU
		{4B99F943-85A8-4813-911D-E747091A9D70}.Release|Any CPU.Build.0 = Release|Any CPU
		{406F9F61-45D9-4814-99D2-709CC307A478}.Debug|Any CPU.ActiveCfg = Debug|Any CPU
		{406F9F61-45D9-4814-99D2-709CC307A478}.Debug|Any CPU.Build.0 = Debug|Any CPU
		{406F9F61-45D9-4814-99D2-709CC307A478}.Release|Any CPU.ActiveCfg = Release|Any CPU
		{406F9F61-45D9-4814-99D2-709CC307A478}.Release|Any CPU.Build.0 = Release|Any CPU
		{E7BB6F0C-358A-449B-AD94-79393AA0B5E6}.Debug|Any CPU.ActiveCfg = Debug|Any CPU
		{E7BB6F0C-358A-449B-AD94-79393AA0B5E6}.Debug|Any CPU.Build.0 = Debug|Any CPU
		{E7BB6F0C-358A-449B-AD94-79393AA0B5E6}.Release|Any CPU.ActiveCfg = Release|Any CPU
		{E7BB6F0C-358A-449B-AD94-79393AA0B5E6}.Release|Any CPU.Build.0 = Release|Any CPU
		{E7FE5FA6-59D0-44C1-9731-86C2E0360951}.Debug|Any CPU.ActiveCfg = Debug|Any CPU
		{E7FE5FA6-59D0-44C1-9731-86C2E0360951}.Debug|Any CPU.Build.0 = Debug|Any CPU
		{E7FE5FA6-59D0-44C1-9731-86C2E0360951}.Release|Any CPU.ActiveCfg = Release|Any CPU
		{E7FE5FA6-59D0-44C1-9731-86C2E0360951}.Release|Any CPU.Build.0 = Release|Any CPU
		{4009AB50-860A-4A7B-8801-8B56C5D84609}.Debug|Any CPU.ActiveCfg = Debug|Any CPU
		{4009AB50-860A-4A7B-8801-8B56C5D84609}.Debug|Any CPU.Build.0 = Debug|Any CPU
		{4009AB50-860A-4A7B-8801-8B56C5D84609}.Release|Any CPU.ActiveCfg = Release|Any CPU
		{4009AB50-860A-4A7B-8801-8B56C5D84609}.Release|Any CPU.Build.0 = Release|Any CPU
		{C57ADADF-04BF-47D1-9998-D39113C5C3C4}.Debug|Any CPU.ActiveCfg = Debug|Any CPU
		{C57ADADF-04BF-47D1-9998-D39113C5C3C4}.Debug|Any CPU.Build.0 = Debug|Any CPU
		{C57ADADF-04BF-47D1-9998-D39113C5C3C4}.Release|Any CPU.ActiveCfg = Release|Any CPU
		{C57ADADF-04BF-47D1-9998-D39113C5C3C4}.Release|Any CPU.Build.0 = Release|Any CPU
		{1859E0E9-7F6C-4C15-B4D7-80F76B0A359A}.Debug|Any CPU.ActiveCfg = Debug|Any CPU
		{1859E0E9-7F6C-4C15-B4D7-80F76B0A359A}.Debug|Any CPU.Build.0 = Debug|Any CPU
		{1859E0E9-7F6C-4C15-B4D7-80F76B0A359A}.Release|Any CPU.ActiveCfg = Release|Any CPU
		{1859E0E9-7F6C-4C15-B4D7-80F76B0A359A}.Release|Any CPU.Build.0 = Release|Any CPU
		{6B52DF5A-3BC4-4CAC-BC75-A5D710FB55CD}.Debug|Any CPU.ActiveCfg = Debug|Any CPU
		{6B52DF5A-3BC4-4CAC-BC75-A5D710FB55CD}.Debug|Any CPU.Build.0 = Debug|Any CPU
		{6B52DF5A-3BC4-4CAC-BC75-A5D710FB55CD}.Release|Any CPU.ActiveCfg = Release|Any CPU
		{6B52DF5A-3BC4-4CAC-BC75-A5D710FB55CD}.Release|Any CPU.Build.0 = Release|Any CPU
		{E7E7E451-398A-4004-A24C-2550C907B13D}.Debug|Any CPU.ActiveCfg = Debug|Any CPU
		{E7E7E451-398A-4004-A24C-2550C907B13D}.Debug|Any CPU.Build.0 = Debug|Any CPU
		{E7E7E451-398A-4004-A24C-2550C907B13D}.Release|Any CPU.ActiveCfg = Release|Any CPU
		{E7E7E451-398A-4004-A24C-2550C907B13D}.Release|Any CPU.Build.0 = Release|Any CPU
		{BDC1BA47-DF0E-4707-8CBF-EDA25F83B825}.Debug|Any CPU.ActiveCfg = Debug|Any CPU
		{BDC1BA47-DF0E-4707-8CBF-EDA25F83B825}.Debug|Any CPU.Build.0 = Debug|Any CPU
		{BDC1BA47-DF0E-4707-8CBF-EDA25F83B825}.Release|Any CPU.ActiveCfg = Release|Any CPU
		{BDC1BA47-DF0E-4707-8CBF-EDA25F83B825}.Release|Any CPU.Build.0 = Release|Any CPU
		{00ABDA03-B4AD-445F-91B3-D4B8E5480CF2}.Debug|Any CPU.ActiveCfg = Debug|Any CPU
		{00ABDA03-B4AD-445F-91B3-D4B8E5480CF2}.Debug|Any CPU.Build.0 = Debug|Any CPU
		{00ABDA03-B4AD-445F-91B3-D4B8E5480CF2}.Release|Any CPU.ActiveCfg = Release|Any CPU
		{00ABDA03-B4AD-445F-91B3-D4B8E5480CF2}.Release|Any CPU.Build.0 = Release|Any CPU
		{0E7BCF57-E846-4E98-A589-DE1F90571690}.Debug|Any CPU.ActiveCfg = Debug|Any CPU
		{0E7BCF57-E846-4E98-A589-DE1F90571690}.Debug|Any CPU.Build.0 = Debug|Any CPU
		{0E7BCF57-E846-4E98-A589-DE1F90571690}.Release|Any CPU.ActiveCfg = Release|Any CPU
		{0E7BCF57-E846-4E98-A589-DE1F90571690}.Release|Any CPU.Build.0 = Release|Any CPU
		{148FB9F6-CFDF-4A24-ACB6-C9EC294F42CE}.Debug|Any CPU.ActiveCfg = Debug|Any CPU
		{148FB9F6-CFDF-4A24-ACB6-C9EC294F42CE}.Debug|Any CPU.Build.0 = Debug|Any CPU
		{148FB9F6-CFDF-4A24-ACB6-C9EC294F42CE}.Release|Any CPU.ActiveCfg = Release|Any CPU
		{148FB9F6-CFDF-4A24-ACB6-C9EC294F42CE}.Release|Any CPU.Build.0 = Release|Any CPU
		{4C50B674-9A34-4A58-93A3-8F7911FA3533}.Debug|Any CPU.ActiveCfg = Debug|Any CPU
		{4C50B674-9A34-4A58-93A3-8F7911FA3533}.Debug|Any CPU.Build.0 = Debug|Any CPU
		{4C50B674-9A34-4A58-93A3-8F7911FA3533}.Release|Any CPU.ActiveCfg = Release|Any CPU
		{4C50B674-9A34-4A58-93A3-8F7911FA3533}.Release|Any CPU.Build.0 = Release|Any CPU
	EndGlobalSection
	GlobalSection(SolutionProperties) = preSolution
		HideSolutionNode = FALSE
	EndGlobalSection
	GlobalSection(NestedProjects) = preSolution
		{37F1FAB6-DE28-4EA1-A223-768251DD17BD} = {B27DDD72-DB34-47DB-8A3B-E626268FEB12}
		{A8AE8C5C-A055-478C-8211-70E0CEC9FDFE} = {B27DDD72-DB34-47DB-8A3B-E626268FEB12}
		{BA07EB14-F259-4337-85CB-565649CD49C4} = {B27DDD72-DB34-47DB-8A3B-E626268FEB12}
		{82CA4176-B01E-4149-850F-04F42498848B} = {B27DDD72-DB34-47DB-8A3B-E626268FEB12}
		{CCED809E-C93B-4F6F-B373-130742BD9A32} = {B27DDD72-DB34-47DB-8A3B-E626268FEB12}
		{4B99F943-85A8-4813-911D-E747091A9D70} = {B27DDD72-DB34-47DB-8A3B-E626268FEB12}
		{6B52DF5A-3BC4-4CAC-BC75-A5D710FB55CD} = {B27DDD72-DB34-47DB-8A3B-E626268FEB12}
		{E7E7E451-398A-4004-A24C-2550C907B13D} = {B27DDD72-DB34-47DB-8A3B-E626268FEB12}
		{F6C0BF91-598A-4803-B911-0096264C9FEE} = {B27DDD72-DB34-47DB-8A3B-E626268FEB12}
		{BDC1BA47-DF0E-4707-8CBF-EDA25F83B825} = {B27DDD72-DB34-47DB-8A3B-E626268FEB12}
		{148FB9F6-CFDF-4A24-ACB6-C9EC294F42CE} = {B27DDD72-DB34-47DB-8A3B-E626268FEB12}
		{BF5730A3-473A-49A2-B906-46E44AC777CF} = {FA614E92-F7EC-40B3-95D3-46111B639370}
		{64DDCE03-690B-418E-BDC0-516816E4CFDF} = {FA614E92-F7EC-40B3-95D3-46111B639370}
		{38150385-B439-4CAB-AB23-7D856B042456} = {FA614E92-F7EC-40B3-95D3-46111B639370}
		{4C50B674-9A34-4A58-93A3-8F7911FA3533} = {FA614E92-F7EC-40B3-95D3-46111B639370}
		{048CB2DE-3885-4F96-90F3-7A93E8975660} = {06018890-6B60-4564-A78A-49681B071C11}
		{0C691455-7D58-4633-A65B-924FC0C2830A} = {06018890-6B60-4564-A78A-49681B071C11}
		{EB261A93-3996-4EFA-A6B1-47FBEF71D3ED} = {06018890-6B60-4564-A78A-49681B071C11}
		{C8173416-5CBB-479D-AAF8-2816614672C3} = {06018890-6B60-4564-A78A-49681B071C11}
		{F3D21909-CAC9-4AE2-B1C1-912B6C4131E0} = {06018890-6B60-4564-A78A-49681B071C11}
		{56D7E7DF-ED5B-4AB6-AE39-3777593B257E} = {06018890-6B60-4564-A78A-49681B071C11}
		{43D3066C-2B0E-40C2-8F5A-A502CB4AC2C3} = {06018890-6B60-4564-A78A-49681B071C11}
		{08A1E7BD-6EEB-4DBC-971B-8D8C81B605BC} = {06018890-6B60-4564-A78A-49681B071C11}
		{D0BA70F7-2677-434A-8801-7CDE0AFEC1C2} = {3ABE6B49-D524-4613-80D9-F3BA1AFD2498}
		{3BDC96EF-9FCE-4671-9FA7-596D044D75BC} = {3ABE6B49-D524-4613-80D9-F3BA1AFD2498}
		{0606AAD2-9563-4A86-AFB1-AD0B2D9EEF0E} = {3ABE6B49-D524-4613-80D9-F3BA1AFD2498}
		{99F61938-6799-46F7-A264-31D1B35619CE} = {3ABE6B49-D524-4613-80D9-F3BA1AFD2498}
		{FC22E2EE-81AE-4123-9721-286EDE148D3A} = {3ABE6B49-D524-4613-80D9-F3BA1AFD2498}
		{F99D87A5-EE16-4CEF-AA0E-7B42BF125FEB} = {3ABE6B49-D524-4613-80D9-F3BA1AFD2498}
		{79B68445-34E3-4DE9-ACA8-76862C635434} = {3ABE6B49-D524-4613-80D9-F3BA1AFD2498}
		{E7BB6F0C-358A-449B-AD94-79393AA0B5E6} = {1D863344-7311-4842-9553-F0F02CE6272E}
		{E7FE5FA6-59D0-44C1-9731-86C2E0360951} = {1D863344-7311-4842-9553-F0F02CE6272E}
		{4009AB50-860A-4A7B-8801-8B56C5D84609} = {1D863344-7311-4842-9553-F0F02CE6272E}
		{C57ADADF-04BF-47D1-9998-D39113C5C3C4} = {1D863344-7311-4842-9553-F0F02CE6272E}
		{1859E0E9-7F6C-4C15-B4D7-80F76B0A359A} = {1D863344-7311-4842-9553-F0F02CE6272E}
		{406F9F61-45D9-4814-99D2-709CC307A478} = {1D863344-7311-4842-9553-F0F02CE6272E}
		{00ABDA03-B4AD-445F-91B3-D4B8E5480CF2} = {E6B835B9-89C3-417A-AE88-A184DE4406F7}
		{0E7BCF57-E846-4E98-A589-DE1F90571690} = {E6B835B9-89C3-417A-AE88-A184DE4406F7}
	EndGlobalSection
EndGlobal
