
Microsoft Visual Studio Solution File, Format Version 12.00
# Visual Studio 2013
VisualStudioVersion = 12.0.30501.0
MinimumVisualStudioVersion = 10.0.40219.1
Project("{FAE04EC0-301F-11D3-BF4B-00C04F79EFBC}") = "StoreApp", "StoreApp\StoreApp.csproj", "{622D869D-6AC9-4B22-821A-ED55897FAFF5}"
EndProject
Project("{FAE04EC0-301F-11D3-BF4B-00C04F79EFBC}") = "StoreApp.Tests", "StoreApp.Tests\StoreApp.Tests.csproj", "{23E386D3-F2DA-4F44-8878-E598C4D4A250}"
EndProject
Global
	GlobalSection(SolutionConfigurationPlatforms) = preSolution
		Debug|Any CPU = Debug|Any CPU
		Release|Any CPU = Release|Any CPU
	EndGlobalSection
	GlobalSection(ProjectConfigurationPlatforms) = postSolution
		{622D869D-6AC9-4B22-821A-ED55897FAFF5}.Debug|Any CPU.ActiveCfg = Debug|Any CPU
		{622D869D-6AC9-4B22-821A-ED55897FAFF5}.Debug|Any CPU.Build.0 = Debug|Any CPU
		{622D869D-6AC9-4B22-821A-ED55897FAFF5}.Release|Any CPU.ActiveCfg = Release|Any CPU
		{622D869D-6AC9-4B22-821A-ED55897FAFF5}.Release|Any CPU.Build.0 = Release|Any CPU
		{23E386D3-F2DA-4F44-8878-E598C4D4A250}.Debug|Any CPU.ActiveCfg = Debug|Any CPU
		{23E386D3-F2DA-4F44-8878-E598C4D4A250}.Debug|Any CPU.Build.0 = Debug|Any CPU
		{23E386D3-F2DA-4F44-8878-E598C4D4A250}.Release|Any CPU.ActiveCfg = Release|Any CPU
		{23E386D3-F2DA-4F44-8878-E598C4D4A250}.Release|Any CPU.Build.0 = Release|Any CPU
	EndGlobalSection
	GlobalSection(SolutionProperties) = preSolution
		HideSolutionNode = FALSE
	EndGlobalSection
EndGlobal
