
Microsoft Visual Studio Solution File, Format Version 12.00
# Visual Studio 14
VisualStudioVersion = 14.0.25123.0
MinimumVisualStudioVersion = 10.0.40219.1
Project("{FAE04EC0-301F-11D3-BF4B-00C04F79EFBC}") = "Tests", "Tests\Tests.csproj", "{6185453E-EAC3-49EC-9BB0-25ACD9205E6F}"
EndProject
Project("{FAE04EC0-301F-11D3-BF4B-00C04F79EFBC}") = "EmailConverters", "EmailConverters\EmailConverters.csproj", "{BA5E67F7-13BA-44BE-B8F5-B562B506F0A5}"
EndProject
Project("{FAE04EC0-301F-11D3-BF4B-00C04F79EFBC}") = "DesktopCreateEmlFiles", "DesktopCreateEmlFiles\DesktopCreateEmlFiles.csproj", "{04005E0E-583F-4B56-9B5A-1F55C085508A}"
EndProject
Global
	GlobalSection(SolutionConfigurationPlatforms) = preSolution
		Debug|Any CPU = Debug|Any CPU
		Release|Any CPU = Release|Any CPU
	EndGlobalSection
	GlobalSection(ProjectConfigurationPlatforms) = postSolution
		{6185453E-EAC3-49EC-9BB0-25ACD9205E6F}.Debug|Any CPU.ActiveCfg = Debug|Any CPU
		{6185453E-EAC3-49EC-9BB0-25ACD9205E6F}.Debug|Any CPU.Build.0 = Debug|Any CPU
		{6185453E-EAC3-49EC-9BB0-25ACD9205E6F}.Release|Any CPU.ActiveCfg = Release|Any CPU
		{6185453E-EAC3-49EC-9BB0-25ACD9205E6F}.Release|Any CPU.Build.0 = Release|Any CPU
		{BA5E67F7-13BA-44BE-B8F5-B562B506F0A5}.Debug|Any CPU.ActiveCfg = Debug|Any CPU
		{BA5E67F7-13BA-44BE-B8F5-B562B506F0A5}.Debug|Any CPU.Build.0 = Debug|Any CPU
		{BA5E67F7-13BA-44BE-B8F5-B562B506F0A5}.Release|Any CPU.ActiveCfg = Release|Any CPU
		{BA5E67F7-13BA-44BE-B8F5-B562B506F0A5}.Release|Any CPU.Build.0 = Release|Any CPU
		{04005E0E-583F-4B56-9B5A-1F55C085508A}.Debug|Any CPU.ActiveCfg = Debug|Any CPU
		{04005E0E-583F-4B56-9B5A-1F55C085508A}.Debug|Any CPU.Build.0 = Debug|Any CPU
		{04005E0E-583F-4B56-9B5A-1F55C085508A}.Release|Any CPU.ActiveCfg = Release|Any CPU
		{04005E0E-583F-4B56-9B5A-1F55C085508A}.Release|Any CPU.Build.0 = Release|Any CPU
	EndGlobalSection
	GlobalSection(SolutionProperties) = preSolution
		HideSolutionNode = FALSE
	EndGlobalSection
EndGlobal
