
Microsoft Visual Studio Solution File, Format Version 12.00
# Visual Studio 14
VisualStudioVersion = 14.0.25420.1
MinimumVisualStudioVersion = 10.0.40219.1
Project("{FAE04EC0-301F-11D3-BF4B-00C04F79EFBC}") = "Operations_cs", "Operations_cs\Operations_cs.csproj", "{DB783CED-1849-4349-8FCE-AC2EC17879F0}"
EndProject
Project("{FAE04EC0-301F-11D3-BF4B-00C04F79EFBC}") = "WindowsFormsApplication1_cs", "WindowsFormsApplication1_cs\WindowsFormsApplication1_cs.csproj", "{6934CD27-63E5-49CF-96DF-153FD765AA31}"
EndProject
Project("{2150E333-8FDC-42A3-9474-1A3956D46DE8}") = "Solution Items", "Solution Items", "{E70AC655-E6F9-40DB-A5D1-4B424E494151}"
	ProjectSection(SolutionItems) = preProject
		Script.sql = Script.sql
	EndProjectSection
EndProject
Global
	GlobalSection(SolutionConfigurationPlatforms) = preSolution
		Debug|Any CPU = Debug|Any CPU
		Release|Any CPU = Release|Any CPU
	EndGlobalSection
	GlobalSection(ProjectConfigurationPlatforms) = postSolution
		{DB783CED-1849-4349-8FCE-AC2EC17879F0}.Debug|Any CPU.ActiveCfg = Debug|Any CPU
		{DB783CED-1849-4349-8FCE-AC2EC17879F0}.Debug|Any CPU.Build.0 = Debug|Any CPU
		{DB783CED-1849-4349-8FCE-AC2EC17879F0}.Release|Any CPU.ActiveCfg = Release|Any CPU
		{DB783CED-1849-4349-8FCE-AC2EC17879F0}.Release|Any CPU.Build.0 = Release|Any CPU
		{6934CD27-63E5-49CF-96DF-153FD765AA31}.Debug|Any CPU.ActiveCfg = Debug|Any CPU
		{6934CD27-63E5-49CF-96DF-153FD765AA31}.Debug|Any CPU.Build.0 = Debug|Any CPU
		{6934CD27-63E5-49CF-96DF-153FD765AA31}.Release|Any CPU.ActiveCfg = Release|Any CPU
		{6934CD27-63E5-49CF-96DF-153FD765AA31}.Release|Any CPU.Build.0 = Release|Any CPU
	EndGlobalSection
	GlobalSection(SolutionProperties) = preSolution
		HideSolutionNode = FALSE
	EndGlobalSection
EndGlobal
