
Microsoft Visual Studio Solution File, Format Version 12.00
# Visual Studio 2012
Project("{F184B08F-C81C-45F6-A57F-5ABD9991F28F}") = "ClientApp", "ClientApp\ClientApp.vbproj", "{EDA478AA-5A5E-4F31-A565-EF6920F2C009}"
EndProject
Project("{F184B08F-C81C-45F6-A57F-5ABD9991F28F}") = "ServerApp", "ServerApp\ServerApp.vbproj", "{944B77FC-13C9-4930-8369-1E4FEEB20770}"
EndProject
Global
	GlobalSection(SolutionConfigurationPlatforms) = preSolution
		Debug|Any CPU = Debug|Any CPU
		Release|Any CPU = Release|Any CPU
	EndGlobalSection
	GlobalSection(ProjectConfigurationPlatforms) = postSolution
		{EDA478AA-5A5E-4F31-A565-EF6920F2C009}.Debug|Any CPU.ActiveCfg = Debug|Any CPU
		{EDA478AA-5A5E-4F31-A565-EF6920F2C009}.Debug|Any CPU.Build.0 = Debug|Any CPU
		{EDA478AA-5A5E-4F31-A565-EF6920F2C009}.Release|Any CPU.ActiveCfg = Release|Any CPU
		{EDA478AA-5A5E-4F31-A565-EF6920F2C009}.Release|Any CPU.Build.0 = Release|Any CPU
		{944B77FC-13C9-4930-8369-1E4FEEB20770}.Debug|Any CPU.ActiveCfg = Debug|Any CPU
		{944B77FC-13C9-4930-8369-1E4FEEB20770}.Debug|Any CPU.Build.0 = Debug|Any CPU
		{944B77FC-13C9-4930-8369-1E4FEEB20770}.Release|Any CPU.ActiveCfg = Release|Any CPU
		{944B77FC-13C9-4930-8369-1E4FEEB20770}.Release|Any CPU.Build.0 = Release|Any CPU
	EndGlobalSection
	GlobalSection(SolutionProperties) = preSolution
		HideSolutionNode = FALSE
	EndGlobalSection
EndGlobal
