
Microsoft Visual Studio Solution File, Format Version 12.00
# Visual Studio 2012
Project("{FAE04EC0-301F-11D3-BF4B-00C04F79EFBC}") = "ClientApp", "ClientApp\ClientApp.csproj", "{EDA478AA-5A5E-4F31-A565-EF6920F2C009}"
EndProject
Project("{FAE04EC0-301F-11D3-BF4B-00C04F79EFBC}") = "ServerApp", "ServerApp\ServerApp.csproj", "{944B77FC-13C9-4930-8369-1E4FEEB20770}"
EndProject
Global
	GlobalSection(SolutionConfigurationPlatforms) = preSolution
		Debug|Any CPU = Debug|Any CPU
		Release|Any CPU = Release|Any CPU
	EndGlobalSection
	GlobalSection(ProjectConfigurationPlatforms) = postSolution
		{EDA478AA-5A5E-4F31-A565-EF6920F2C009}.Debug|Any CPU.ActiveCfg = Debug|Any CPU
		{EDA478AA-5A5E-4F31-A565-EF6920F2C009}.Debug|Any CPU.Build.0 = Debug|Any CPU
		{EDA478AA-5A5E-4F31-A565-EF6920F2C009}.Release|Any CPU.ActiveCfg = Release|Any CPU
		{EDA478AA-5A5E-4F31-A565-EF6920F2C009}.Release|Any CPU.Build.0 = Release|Any CPU
		{944B77FC-13C9-4930-8369-1E4FEEB20770}.Debug|Any CPU.ActiveCfg = Debug|Any CPU
		{944B77FC-13C9-4930-8369-1E4FEEB20770}.Debug|Any CPU.Build.0 = Debug|Any CPU
		{944B77FC-13C9-4930-8369-1E4FEEB20770}.Release|Any CPU.ActiveCfg = Release|Any CPU
		{944B77FC-13C9-4930-8369-1E4FEEB20770}.Release|Any CPU.Build.0 = Release|Any CPU
	EndGlobalSection
	GlobalSection(SolutionProperties) = preSolution
		HideSolutionNode = FALSE
	EndGlobalSection
EndGlobal
