
Microsoft Visual Studio Solution File, Format Version 11.00
# Visual Studio 2010
Project("{FAE04EC0-301F-11D3-BF4B-00C04F79EFBC}") = "AtmStateMachine.Activities", "AtmStateMachine.Activities\AtmStateMachine.Activities.csproj", "{DE63706D-CC67-4594-8B1A-26CF6CDD1FEE}"
EndProject
Project("{2150E333-8FDC-42A3-9474-1A3956D46DE8}") = "Solution Items", "Solution Items", "{F92D4A17-C138-43C6-AAA0-1EC08FF11D52}"
	ProjectSection(SolutionItems) = preProject
		AtmStateMachine.vsmdi = AtmStateMachine.vsmdi
		Local.testsettings = Local.testsettings
		TraceAndTestImpact.testsettings = TraceAndTestImpact.testsettings
	EndProjectSection
EndProject
Project("{FAE04EC0-301F-11D3-BF4B-00C04F79EFBC}") = "AtmStateMachine.Tests", "AtmStateMachine.Tests\AtmStateMachine.Tests.csproj", "{CC8602F3-5501-4E8D-A1C5-79DF4D1E3031}"
EndProject
Project("{FAE04EC0-301F-11D3-BF4B-00C04F79EFBC}") = "AtmStateMachine.WPF", "AtmStateMachine.WPF\AtmStateMachine.WPF.csproj", "{921B72D0-52D4-4F5A-A9AE-8398EAC36BDA}"
EndProject
Global
	
	GlobalSection(TestCaseManagementSettings) = postSolution
		CategoryFile = AtmStateMachine.vsmdi
	EndGlobalSection
	GlobalSection(SolutionConfigurationPlatforms) = preSolution
		Debug.FP|Any CPU = Debug.FP|Any CPU
		Debug.FP|Mixed Platforms = Debug.FP|Mixed Platforms
		Debug.FP|x86 = Debug.FP|x86
		Debug|Any CPU = Debug|Any CPU
		Debug|Mixed Platforms = Debug|Mixed Platforms
		Debug|x86 = Debug|x86
		Release.FP|Any CPU = Release.FP|Any CPU
		Release.FP|Mixed Platforms = Release.FP|Mixed Platforms
		Release.FP|x86 = Release.FP|x86
		Release|Any CPU = Release|Any CPU
		Release|Mixed Platforms = Release|Mixed Platforms
		Release|x86 = Release|x86
	EndGlobalSection
	GlobalSection(ProjectConfigurationPlatforms) = postSolution
		{DE63706D-CC67-4594-8B1A-26CF6CDD1FEE}.Debug.FP|Any CPU.ActiveCfg = Debug|Any CPU
		{DE63706D-CC67-4594-8B1A-26CF6CDD1FEE}.Debug.FP|Any CPU.Build.0 = Debug|Any CPU
		{DE63706D-CC67-4594-8B1A-26CF6CDD1FEE}.Debug.FP|Mixed Platforms.ActiveCfg = Debug|Any CPU
		{DE63706D-CC67-4594-8B1A-26CF6CDD1FEE}.Debug.FP|Mixed Platforms.Build.0 = Debug|Any CPU
		{DE63706D-CC67-4594-8B1A-26CF6CDD1FEE}.Debug.FP|x86.ActiveCfg = Debug|Any CPU
		{DE63706D-CC67-4594-8B1A-26CF6CDD1FEE}.Debug|Any CPU.ActiveCfg = Debug|Any CPU
		{DE63706D-CC67-4594-8B1A-26CF6CDD1FEE}.Debug|Any CPU.Build.0 = Debug|Any CPU
		{DE63706D-CC67-4594-8B1A-26CF6CDD1FEE}.Debug|Mixed Platforms.ActiveCfg = Debug|Any CPU
		{DE63706D-CC67-4594-8B1A-26CF6CDD1FEE}.Debug|Mixed Platforms.Build.0 = Debug|Any CPU
		{DE63706D-CC67-4594-8B1A-26CF6CDD1FEE}.Debug|x86.ActiveCfg = Debug|Any CPU
		{DE63706D-CC67-4594-8B1A-26CF6CDD1FEE}.Release.FP|Any CPU.ActiveCfg = Release|Any CPU
		{DE63706D-CC67-4594-8B1A-26CF6CDD1FEE}.Release.FP|Any CPU.Build.0 = Release|Any CPU
		{DE63706D-CC67-4594-8B1A-26CF6CDD1FEE}.Release.FP|Mixed Platforms.ActiveCfg = Release|Any CPU
		{DE63706D-CC67-4594-8B1A-26CF6CDD1FEE}.Release.FP|Mixed Platforms.Build.0 = Release|Any CPU
		{DE63706D-CC67-4594-8B1A-26CF6CDD1FEE}.Release.FP|x86.ActiveCfg = Release|Any CPU
		{DE63706D-CC67-4594-8B1A-26CF6CDD1FEE}.Release|Any CPU.ActiveCfg = Release|Any CPU
		{DE63706D-CC67-4594-8B1A-26CF6CDD1FEE}.Release|Any CPU.Build.0 = Release|Any CPU
		{DE63706D-CC67-4594-8B1A-26CF6CDD1FEE}.Release|Mixed Platforms.ActiveCfg = Release|Any CPU
		{DE63706D-CC67-4594-8B1A-26CF6CDD1FEE}.Release|Mixed Platforms.Build.0 = Release|Any CPU
		{DE63706D-CC67-4594-8B1A-26CF6CDD1FEE}.Release|x86.ActiveCfg = Release|Any CPU
		{CC8602F3-5501-4E8D-A1C5-79DF4D1E3031}.Debug.FP|Any CPU.ActiveCfg = Debug|Any CPU
		{CC8602F3-5501-4E8D-A1C5-79DF4D1E3031}.Debug.FP|Any CPU.Build.0 = Debug|Any CPU
		{CC8602F3-5501-4E8D-A1C5-79DF4D1E3031}.Debug.FP|Mixed Platforms.ActiveCfg = Debug|Any CPU
		{CC8602F3-5501-4E8D-A1C5-79DF4D1E3031}.Debug.FP|Mixed Platforms.Build.0 = Debug|Any CPU
		{CC8602F3-5501-4E8D-A1C5-79DF4D1E3031}.Debug.FP|x86.ActiveCfg = Debug|Any CPU
		{CC8602F3-5501-4E8D-A1C5-79DF4D1E3031}.Debug|Any CPU.ActiveCfg = Debug|Any CPU
		{CC8602F3-5501-4E8D-A1C5-79DF4D1E3031}.Debug|Any CPU.Build.0 = Debug|Any CPU
		{CC8602F3-5501-4E8D-A1C5-79DF4D1E3031}.Debug|Mixed Platforms.ActiveCfg = Debug|Any CPU
		{CC8602F3-5501-4E8D-A1C5-79DF4D1E3031}.Debug|Mixed Platforms.Build.0 = Debug|Any CPU
		{CC8602F3-5501-4E8D-A1C5-79DF4D1E3031}.Debug|x86.ActiveCfg = Debug|Any CPU
		{CC8602F3-5501-4E8D-A1C5-79DF4D1E3031}.Release.FP|Any CPU.ActiveCfg = Release|Any CPU
		{CC8602F3-5501-4E8D-A1C5-79DF4D1E3031}.Release.FP|Any CPU.Build.0 = Release|Any CPU
		{CC8602F3-5501-4E8D-A1C5-79DF4D1E3031}.Release.FP|Mixed Platforms.ActiveCfg = Release|Any CPU
		{CC8602F3-5501-4E8D-A1C5-79DF4D1E3031}.Release.FP|Mixed Platforms.Build.0 = Release|Any CPU
		{CC8602F3-5501-4E8D-A1C5-79DF4D1E3031}.Release.FP|x86.ActiveCfg = Release|Any CPU
		{CC8602F3-5501-4E8D-A1C5-79DF4D1E3031}.Release|Any CPU.ActiveCfg = Release|Any CPU
		{CC8602F3-5501-4E8D-A1C5-79DF4D1E3031}.Release|Any CPU.Build.0 = Release|Any CPU
		{CC8602F3-5501-4E8D-A1C5-79DF4D1E3031}.Release|Mixed Platforms.ActiveCfg = Release|Any CPU
		{CC8602F3-5501-4E8D-A1C5-79DF4D1E3031}.Release|Mixed Platforms.Build.0 = Release|Any CPU
		{CC8602F3-5501-4E8D-A1C5-79DF4D1E3031}.Release|x86.ActiveCfg = Release|Any CPU
		{921B72D0-52D4-4F5A-A9AE-8398EAC36BDA}.Debug.FP|Any CPU.ActiveCfg = Debug|x86
		{921B72D0-52D4-4F5A-A9AE-8398EAC36BDA}.Debug.FP|Mixed Platforms.ActiveCfg = Debug|x86
		{921B72D0-52D4-4F5A-A9AE-8398EAC36BDA}.Debug.FP|Mixed Platforms.Build.0 = Debug|x86
		{921B72D0-52D4-4F5A-A9AE-8398EAC36BDA}.Debug.FP|x86.ActiveCfg = Debug|x86
		{921B72D0-52D4-4F5A-A9AE-8398EAC36BDA}.Debug.FP|x86.Build.0 = Debug|x86
		{921B72D0-52D4-4F5A-A9AE-8398EAC36BDA}.Debug|Any CPU.ActiveCfg = Debug|x86
		{921B72D0-52D4-4F5A-A9AE-8398EAC36BDA}.Debug|Mixed Platforms.ActiveCfg = Debug|x86
		{921B72D0-52D4-4F5A-A9AE-8398EAC36BDA}.Debug|Mixed Platforms.Build.0 = Debug|x86
		{921B72D0-52D4-4F5A-A9AE-8398EAC36BDA}.Debug|x86.ActiveCfg = Debug|x86
		{921B72D0-52D4-4F5A-A9AE-8398EAC36BDA}.Debug|x86.Build.0 = Debug|x86
		{921B72D0-52D4-4F5A-A9AE-8398EAC36BDA}.Release.FP|Any CPU.ActiveCfg = Release|x86
		{921B72D0-52D4-4F5A-A9AE-8398EAC36BDA}.Release.FP|Mixed Platforms.ActiveCfg = Release|x86
		{921B72D0-52D4-4F5A-A9AE-8398EAC36BDA}.Release.FP|Mixed Platforms.Build.0 = Release|x86
		{921B72D0-52D4-4F5A-A9AE-8398EAC36BDA}.Release.FP|x86.ActiveCfg = Release|x86
		{921B72D0-52D4-4F5A-A9AE-8398EAC36BDA}.Release.FP|x86.Build.0 = Release|x86
		{921B72D0-52D4-4F5A-A9AE-8398EAC36BDA}.Release|Any CPU.ActiveCfg = Release|x86
		{921B72D0-52D4-4F5A-A9AE-8398EAC36BDA}.Release|Mixed Platforms.ActiveCfg = Release|x86
		{921B72D0-52D4-4F5A-A9AE-8398EAC36BDA}.Release|Mixed Platforms.Build.0 = Release|x86
		{921B72D0-52D4-4F5A-A9AE-8398EAC36BDA}.Release|x86.ActiveCfg = Release|x86
		{921B72D0-52D4-4F5A-A9AE-8398EAC36BDA}.Release|x86.Build.0 = Release|x86
	EndGlobalSection
	GlobalSection(SolutionProperties) = preSolution
		HideSolutionNode = FALSE
	EndGlobalSection
EndGlobal
