
Microsoft Visual Studio Solution File, Format Version 12.00
# Visual Studio 2013
VisualStudioVersion = 12.0.21005.1
MinimumVisualStudioVersion = 10.0.40219.1
Project("{FAE04EC0-301F-11D3-BF4B-00C04F79EFBC}") = "GettingStartedWithLoadTesting", "GettingStartedWithLoadTesting\GettingStartedWithLoadTesting.csproj", "{1B3481DA-1533-44CD-8516-EA1D20E52683}"
EndProject
Project("{2150E333-8FDC-42A3-9474-1A3956D46DE8}") = "Solution Items", "Solution Items", "{DF26425A-4DC9-4639-B31C-2B1ECC6AB640}"
	ProjectSection(SolutionItems) = preProject
		vsonline.testsettings = vsonline.testsettings
	EndProjectSection
EndProject
Global
	GlobalSection(SolutionConfigurationPlatforms) = preSolution
		Debug|Any CPU = Debug|Any CPU
		Release|Any CPU = Release|Any CPU
	EndGlobalSection
	GlobalSection(ProjectConfigurationPlatforms) = postSolution
		{1B3481DA-1533-44CD-8516-EA1D20E52683}.Debug|Any CPU.ActiveCfg = Debug|Any CPU
		{1B3481DA-1533-44CD-8516-EA1D20E52683}.Debug|Any CPU.Build.0 = Debug|Any CPU
		{1B3481DA-1533-44CD-8516-EA1D20E52683}.Release|Any CPU.ActiveCfg = Release|Any CPU
		{1B3481DA-1533-44CD-8516-EA1D20E52683}.Release|Any CPU.Build.0 = Release|Any CPU
	EndGlobalSection
	GlobalSection(SolutionProperties) = preSolution
		HideSolutionNode = FALSE
	EndGlobalSection
EndGlobal
