
Microsoft Visual Studio Solution File, Format Version 12.00
# Visual Studio 2013
VisualStudioVersion = 12.0.40629.0
MinimumVisualStudioVersion = 10.0.40219.1
Project("{FAE04EC0-301F-11D3-BF4B-00C04F79EFBC}") = "SignalRQuickStart", "SignalRQuickStart\SignalRQuickStart.csproj", "{79B46F54-97DB-4C6D-A0AC-B260D301EFF5}"
EndProject
Project("{FAE04EC0-301F-11D3-BF4B-00C04F79EFBC}") = "SignalWPFHost", "SignalWPFServer\SignalWPFHost.csproj", "{D2AF0AFD-86BB-484E-99D3-C708D13CCCB5}"
EndProject
Project("{FAE04EC0-301F-11D3-BF4B-00C04F79EFBC}") = "SignalWPFClient", "SignalWPFClient\SignalWPFClient.csproj", "{2C81F077-8726-4BFC-9DB0-637B32B02218}"
EndProject
Global
	GlobalSection(SolutionConfigurationPlatforms) = preSolution
		Debug|Any CPU = Debug|Any CPU
		Release|Any CPU = Release|Any CPU
	EndGlobalSection
	GlobalSection(ProjectConfigurationPlatforms) = postSolution
		{79B46F54-97DB-4C6D-A0AC-B260D301EFF5}.Debug|Any CPU.ActiveCfg = Debug|Any CPU
		{79B46F54-97DB-4C6D-A0AC-B260D301EFF5}.Debug|Any CPU.Build.0 = Debug|Any CPU
		{79B46F54-97DB-4C6D-A0AC-B260D301EFF5}.Release|Any CPU.ActiveCfg = Release|Any CPU
		{79B46F54-97DB-4C6D-A0AC-B260D301EFF5}.Release|Any CPU.Build.0 = Release|Any CPU
		{D2AF0AFD-86BB-484E-99D3-C708D13CCCB5}.Debug|Any CPU.ActiveCfg = Debug|Any CPU
		{D2AF0AFD-86BB-484E-99D3-C708D13CCCB5}.Debug|Any CPU.Build.0 = Debug|Any CPU
		{D2AF0AFD-86BB-484E-99D3-C708D13CCCB5}.Release|Any CPU.ActiveCfg = Release|Any CPU
		{D2AF0AFD-86BB-484E-99D3-C708D13CCCB5}.Release|Any CPU.Build.0 = Release|Any CPU
		{2C81F077-8726-4BFC-9DB0-637B32B02218}.Debug|Any CPU.ActiveCfg = Debug|Any CPU
		{2C81F077-8726-4BFC-9DB0-637B32B02218}.Debug|Any CPU.Build.0 = Debug|Any CPU
		{2C81F077-8726-4BFC-9DB0-637B32B02218}.Release|Any CPU.ActiveCfg = Release|Any CPU
		{2C81F077-8726-4BFC-9DB0-637B32B02218}.Release|Any CPU.Build.0 = Release|Any CPU
	EndGlobalSection
	GlobalSection(SolutionProperties) = preSolution
		HideSolutionNode = FALSE
	EndGlobalSection
EndGlobal
