
Microsoft Visual Studio Solution File, Format Version 11.00
# Visual Studio 2010
Project("{FAE04EC0-301F-11D3-BF4B-00C04F79EFBC}") = "WPFMessageBox", "WPFMessageBox\WPFMessageBox.csproj", "{0BB37251-B523-401F-9CA2-8B409AB47FA8}"
EndProject
Project("{FAE04EC0-301F-11D3-BF4B-00C04F79EFBC}") = "TestWindow", "TestWindow\TestWindow.csproj", "{A26348B0-E932-42EA-A986-B2C9120106AE}"
EndProject
Global
	GlobalSection(SolutionConfigurationPlatforms) = preSolution
		Debug|x86 = Debug|x86
		Release|x86 = Release|x86
	EndGlobalSection
	GlobalSection(ProjectConfigurationPlatforms) = postSolution
		{0BB37251-B523-401F-9CA2-8B409AB47FA8}.Debug|x86.ActiveCfg = Debug|x86
		{0BB37251-B523-401F-9CA2-8B409AB47FA8}.Debug|x86.Build.0 = Debug|x86
		{0BB37251-B523-401F-9CA2-8B409AB47FA8}.Release|x86.ActiveCfg = Release|x86
		{0BB37251-B523-401F-9CA2-8B409AB47FA8}.Release|x86.Build.0 = Release|x86
		{A26348B0-E932-42EA-A986-B2C9120106AE}.Debug|x86.ActiveCfg = Debug|x86
		{A26348B0-E932-42EA-A986-B2C9120106AE}.Debug|x86.Build.0 = Debug|x86
		{A26348B0-E932-42EA-A986-B2C9120106AE}.Release|x86.ActiveCfg = Release|x86
		{A26348B0-E932-42EA-A986-B2C9120106AE}.Release|x86.Build.0 = Release|x86
	EndGlobalSection
	GlobalSection(SolutionProperties) = preSolution
		HideSolutionNode = FALSE
	EndGlobalSection
EndGlobal
