
Microsoft Visual Studio Solution File, Format Version 11.00
# Visual Studio 2010
Project("{FAE04EC0-301F-11D3-BF4B-00C04F79EFBC}") = "AJAXFileUploadSQL", "AJAXFileUploadSQL\AJAXFileUploadSQL.csproj", "{D2F3A442-B5F5-4702-B4EC-E49232243DBA}"
EndProject
Global
	GlobalSection(SolutionConfigurationPlatforms) = preSolution
		Debug|Any CPU = Debug|Any CPU
		Release|Any CPU = Release|Any CPU
	EndGlobalSection
	GlobalSection(ProjectConfigurationPlatforms) = postSolution
		{D2F3A442-B5F5-4702-B4EC-E49232243DBA}.Debug|Any CPU.ActiveCfg = Debug|Any CPU
		{D2F3A442-B5F5-4702-B4EC-E49232243DBA}.Debug|Any CPU.Build.0 = Debug|Any CPU
		{D2F3A442-B5F5-4702-B4EC-E49232243DBA}.Release|Any CPU.ActiveCfg = Release|Any CPU
		{D2F3A442-B5F5-4702-B4EC-E49232243DBA}.Release|Any CPU.Build.0 = Release|Any CPU
	EndGlobalSection
	GlobalSection(SolutionProperties) = preSolution
		HideSolutionNode = FALSE
	EndGlobalSection
EndGlobal
