
Microsoft Visual Studio Solution File, Format Version 12.00
# Visual Studio 14
VisualStudioVersion = 14.0.25420.1
MinimumVisualStudioVersion = 10.0.40219.1
Project("{FAE04EC0-301F-11D3-BF4B-00C04F79EFBC}") = "Sample1", "Sample1\Sample1.csproj", "{6118697B-DB46-479C-8B24-4CCEEA7508D9}"
EndProject
Project("{FAE04EC0-301F-11D3-BF4B-00C04F79EFBC}") = "Sample2", "Sample2\Sample2.csproj", "{49727B55-3B6C-4CAA-B287-158D5AFFFB7E}"
EndProject
Project("{FAE04EC0-301F-11D3-BF4B-00C04F79EFBC}") = "Noogen.Validation", "ValidationProvider\Noogen.Validation.csproj", "{A52D6403-0252-4A82-8C53-122B3CC036FC}"
EndProject
Global
	GlobalSection(SolutionConfigurationPlatforms) = preSolution
		Debug|Any CPU = Debug|Any CPU
		Release|Any CPU = Release|Any CPU
	EndGlobalSection
	GlobalSection(ProjectConfigurationPlatforms) = postSolution
		{6118697B-DB46-479C-8B24-4CCEEA7508D9}.Debug|Any CPU.ActiveCfg = Debug|Any CPU
		{6118697B-DB46-479C-8B24-4CCEEA7508D9}.Debug|Any CPU.Build.0 = Debug|Any CPU
		{6118697B-DB46-479C-8B24-4CCEEA7508D9}.Release|Any CPU.ActiveCfg = Release|Any CPU
		{6118697B-DB46-479C-8B24-4CCEEA7508D9}.Release|Any CPU.Build.0 = Release|Any CPU
		{49727B55-3B6C-4CAA-B287-158D5AFFFB7E}.Debug|Any CPU.ActiveCfg = Debug|Any CPU
		{49727B55-3B6C-4CAA-B287-158D5AFFFB7E}.Debug|Any CPU.Build.0 = Debug|Any CPU
		{49727B55-3B6C-4CAA-B287-158D5AFFFB7E}.Release|Any CPU.ActiveCfg = Release|Any CPU
		{49727B55-3B6C-4CAA-B287-158D5AFFFB7E}.Release|Any CPU.Build.0 = Release|Any CPU
		{A52D6403-0252-4A82-8C53-122B3CC036FC}.Debug|Any CPU.ActiveCfg = Debug|Any CPU
		{A52D6403-0252-4A82-8C53-122B3CC036FC}.Debug|Any CPU.Build.0 = Debug|Any CPU
		{A52D6403-0252-4A82-8C53-122B3CC036FC}.Release|Any CPU.ActiveCfg = Release|Any CPU
		{A52D6403-0252-4A82-8C53-122B3CC036FC}.Release|Any CPU.Build.0 = Release|Any CPU
	EndGlobalSection
	GlobalSection(SolutionProperties) = preSolution
		HideSolutionNode = FALSE
	EndGlobalSection
EndGlobal
