
Microsoft Visual Studio Solution File, Format Version 12.00
# Visual Studio 2013
VisualStudioVersion = 12.0.31101.0
MinimumVisualStudioVersion = 10.0.40219.1
Project("{CC5FD16D-436D-48AD-A40C-5A424C6E3E79}") = "ContosoAdsCloudService", "ContosoAdsCloudService\ContosoAdsCloudService.ccproj", "{0F8966AF-0D48-4840-90EF-0C8CD052FC02}"
EndProject
Project("{FAE04EC0-301F-11D3-BF4B-00C04F79EFBC}") = "ContosoAdsWeb", "ContosoAdsWeb\ContosoAdsWeb.csproj", "{92A8015A-1CCC-4527-B890-F604A2E764ED}"
EndProject
Project("{FAE04EC0-301F-11D3-BF4B-00C04F79EFBC}") = "ContosoAdsWorker", "ContosoAdsWorker\ContosoAdsWorker.csproj", "{9C837457-68C0-4B86-8CAC-69F9B560D0D8}"
EndProject
Project("{FAE04EC0-301F-11D3-BF4B-00C04F79EFBC}") = "ContosoAdsCommon", "ContosoAdsCommon\ContosoAdsCommon.csproj", "{4362FC53-98E5-4E46-98A1-1F99AD74C13B}"
EndProject
Global
	GlobalSection(SolutionConfigurationPlatforms) = preSolution
		Debug|Any CPU = Debug|Any CPU
		Release|Any CPU = Release|Any CPU
	EndGlobalSection
	GlobalSection(ProjectConfigurationPlatforms) = postSolution
		{0F8966AF-0D48-4840-90EF-0C8CD052FC02}.Debug|Any CPU.ActiveCfg = Debug|Any CPU
		{0F8966AF-0D48-4840-90EF-0C8CD052FC02}.Debug|Any CPU.Build.0 = Debug|Any CPU
		{0F8966AF-0D48-4840-90EF-0C8CD052FC02}.Release|Any CPU.ActiveCfg = Release|Any CPU
		{0F8966AF-0D48-4840-90EF-0C8CD052FC02}.Release|Any CPU.Build.0 = Release|Any CPU
		{92A8015A-1CCC-4527-B890-F604A2E764ED}.Debug|Any CPU.ActiveCfg = Debug|Any CPU
		{92A8015A-1CCC-4527-B890-F604A2E764ED}.Debug|Any CPU.Build.0 = Debug|Any CPU
		{92A8015A-1CCC-4527-B890-F604A2E764ED}.Release|Any CPU.ActiveCfg = Release|Any CPU
		{92A8015A-1CCC-4527-B890-F604A2E764ED}.Release|Any CPU.Build.0 = Release|Any CPU
		{9C837457-68C0-4B86-8CAC-69F9B560D0D8}.Debug|Any CPU.ActiveCfg = Debug|Any CPU
		{9C837457-68C0-4B86-8CAC-69F9B560D0D8}.Debug|Any CPU.Build.0 = Debug|Any CPU
		{9C837457-68C0-4B86-8CAC-69F9B560D0D8}.Release|Any CPU.ActiveCfg = Release|Any CPU
		{9C837457-68C0-4B86-8CAC-69F9B560D0D8}.Release|Any CPU.Build.0 = Release|Any CPU
		{4362FC53-98E5-4E46-98A1-1F99AD74C13B}.Debug|Any CPU.ActiveCfg = Debug|Any CPU
		{4362FC53-98E5-4E46-98A1-1F99AD74C13B}.Debug|Any CPU.Build.0 = Debug|Any CPU
		{4362FC53-98E5-4E46-98A1-1F99AD74C13B}.Release|Any CPU.ActiveCfg = Release|Any CPU
		{4362FC53-98E5-4E46-98A1-1F99AD74C13B}.Release|Any CPU.Build.0 = Release|Any CPU
	EndGlobalSection
	GlobalSection(SolutionProperties) = preSolution
		HideSolutionNode = FALSE
	EndGlobalSection
EndGlobal
