
Microsoft Visual Studio Solution File, Format Version 11.00
# Visual Studio 2010
Project("{FAE04EC0-301F-11D3-BF4B-00C04F79EFBC}") = "Strassens", "Strassens_CSharp.csproj", "{EE139230-B32C-4633-A65E-9C63EDFD9259}"
EndProject
Global
	GlobalSection(SolutionConfigurationPlatforms) = preSolution
		Debug|Any CPU = Debug|Any CPU
		Release|Any CPU = Release|Any CPU
	EndGlobalSection
	GlobalSection(ProjectConfigurationPlatforms) = postSolution
		{EE139230-B32C-4633-A65E-9C63EDFD9259}.Debug|Any CPU.ActiveCfg = Debug|Any CPU
		{EE139230-B32C-4633-A65E-9C63EDFD9259}.Debug|Any CPU.Build.0 = Debug|Any CPU
		{EE139230-B32C-4633-A65E-9C63EDFD9259}.Release|Any CPU.ActiveCfg = Release|Any CPU
		{EE139230-B32C-4633-A65E-9C63EDFD9259}.Release|Any CPU.Build.0 = Release|Any CPU
	EndGlobalSection
	GlobalSection(SolutionProperties) = preSolution
		HideSolutionNode = FALSE
	EndGlobalSection
EndGlobal
