
Microsoft Visual Studio Solution File, Format Version 12.00
# Visual Studio 2013
VisualStudioVersion = 12.0.30723.0
MinimumVisualStudioVersion = 10.0.40219.1
Project("{FAE04EC0-301F-11D3-BF4B-00C04F79EFBC}") = "Mm.Wpf.PInvoke", "Mm.Wpf.PInvoke\Mm.Wpf.PInvoke.csproj", "{4FADF0B9-4401-4E88-9714-74A34DD93685}"
EndProject
Project("{FAE04EC0-301F-11D3-BF4B-00C04F79EFBC}") = "Mm.CustomControls", "Mm.CustomControls\Mm.CustomControls.csproj", "{A9F0305E-0F69-43E8-9D01-5E9D339CF437}"
EndProject
Global
	GlobalSection(SolutionConfigurationPlatforms) = preSolution
		Debug|Any CPU = Debug|Any CPU
		Release|Any CPU = Release|Any CPU
	EndGlobalSection
	GlobalSection(ProjectConfigurationPlatforms) = postSolution
		{4FADF0B9-4401-4E88-9714-74A34DD93685}.Debug|Any CPU.ActiveCfg = Debug|Any CPU
		{4FADF0B9-4401-4E88-9714-74A34DD93685}.Debug|Any CPU.Build.0 = Debug|Any CPU
		{4FADF0B9-4401-4E88-9714-74A34DD93685}.Release|Any CPU.ActiveCfg = Release|Any CPU
		{4FADF0B9-4401-4E88-9714-74A34DD93685}.Release|Any CPU.Build.0 = Release|Any CPU
		{A9F0305E-0F69-43E8-9D01-5E9D339CF437}.Debug|Any CPU.ActiveCfg = Debug|Any CPU
		{A9F0305E-0F69-43E8-9D01-5E9D339CF437}.Debug|Any CPU.Build.0 = Debug|Any CPU
		{A9F0305E-0F69-43E8-9D01-5E9D339CF437}.Release|Any CPU.ActiveCfg = Release|Any CPU
		{A9F0305E-0F69-43E8-9D01-5E9D339CF437}.Release|Any CPU.Build.0 = Release|Any CPU
	EndGlobalSection
	GlobalSection(SolutionProperties) = preSolution
		HideSolutionNode = FALSE
	EndGlobalSection
EndGlobal
