
Microsoft Visual Studio Solution File, Format Version 12.00
# Visual Studio 2013
VisualStudioVersion = 12.0.30723.0
MinimumVisualStudioVersion = 10.0.40219.1
Project("{FAE04EC0-301F-11D3-BF4B-00C04F79EFBC}") = "AzureScheduler", "AzureScheduler\AzureScheduler.csproj", "{8CB96C51-FAF8-46C6-9246-2F87739B7D4B}"
EndProject
Global
	GlobalSection(SolutionConfigurationPlatforms) = preSolution
		Debug|Any CPU = Debug|Any CPU
		Release|Any CPU = Release|Any CPU
	EndGlobalSection
	GlobalSection(ProjectConfigurationPlatforms) = postSolution
		{8CB96C51-FAF8-46C6-9246-2F87739B7D4B}.Debug|Any CPU.ActiveCfg = Debug|Any CPU
		{8CB96C51-FAF8-46C6-9246-2F87739B7D4B}.Debug|Any CPU.Build.0 = Debug|Any CPU
		{8CB96C51-FAF8-46C6-9246-2F87739B7D4B}.Release|Any CPU.ActiveCfg = Release|Any CPU
		{8CB96C51-FAF8-46C6-9246-2F87739B7D4B}.Release|Any CPU.Build.0 = Release|Any CPU
	EndGlobalSection
	GlobalSection(SolutionProperties) = preSolution
		HideSolutionNode = FALSE
	EndGlobalSection
EndGlobal
