
Microsoft Visual Studio Solution File, Format Version 12.00
# Visual Studio 15
VisualStudioVersion = 15.0.27130.2010
MinimumVisualStudioVersion = 10.0.40219.1
Project("{FAE04EC0-301F-11D3-BF4B-00C04F79EFBC}") = "WindowsFormsApp1", "WindowsFormsApp1\WindowsFormsApp1.csproj", "{753D41F1-12F0-41DA-8FDF-694A0EDD692D}"
EndProject
Project("{FAE04EC0-301F-11D3-BF4B-00C04F79EFBC}") = "SMO_Library", "SMO_Library\SMO_Library.csproj", "{B583055E-89FD-4781-962D-46775B2CEDEF}"
EndProject
Global
	GlobalSection(SolutionConfigurationPlatforms) = preSolution
		Debug|Any CPU = Debug|Any CPU
		Debug|x86 = Debug|x86
		Release|Any CPU = Release|Any CPU
		Release|x86 = Release|x86
		Test|Any CPU = Test|Any CPU
		Test|x86 = Test|x86
		TIMEBOMB|Any CPU = TIMEBOMB|Any CPU
		TIMEBOMB|x86 = TIMEBOMB|x86
	EndGlobalSection
	GlobalSection(ProjectConfigurationPlatforms) = postSolution
		{753D41F1-12F0-41DA-8FDF-694A0EDD692D}.Debug|Any CPU.ActiveCfg = Debug|Any CPU
		{753D41F1-12F0-41DA-8FDF-694A0EDD692D}.Debug|Any CPU.Build.0 = Debug|Any CPU
		{753D41F1-12F0-41DA-8FDF-694A0EDD692D}.Debug|x86.ActiveCfg = Debug|Any CPU
		{753D41F1-12F0-41DA-8FDF-694A0EDD692D}.Debug|x86.Build.0 = Debug|Any CPU
		{753D41F1-12F0-41DA-8FDF-694A0EDD692D}.Release|Any CPU.ActiveCfg = Release|Any CPU
		{753D41F1-12F0-41DA-8FDF-694A0EDD692D}.Release|Any CPU.Build.0 = Release|Any CPU
		{753D41F1-12F0-41DA-8FDF-694A0EDD692D}.Release|x86.ActiveCfg = Release|Any CPU
		{753D41F1-12F0-41DA-8FDF-694A0EDD692D}.Release|x86.Build.0 = Release|Any CPU
		{753D41F1-12F0-41DA-8FDF-694A0EDD692D}.Test|Any CPU.ActiveCfg = Release|Any CPU
		{753D41F1-12F0-41DA-8FDF-694A0EDD692D}.Test|Any CPU.Build.0 = Release|Any CPU
		{753D41F1-12F0-41DA-8FDF-694A0EDD692D}.Test|x86.ActiveCfg = Release|Any CPU
		{753D41F1-12F0-41DA-8FDF-694A0EDD692D}.Test|x86.Build.0 = Release|Any CPU
		{753D41F1-12F0-41DA-8FDF-694A0EDD692D}.TIMEBOMB|Any CPU.ActiveCfg = Release|Any CPU
		{753D41F1-12F0-41DA-8FDF-694A0EDD692D}.TIMEBOMB|Any CPU.Build.0 = Release|Any CPU
		{753D41F1-12F0-41DA-8FDF-694A0EDD692D}.TIMEBOMB|x86.ActiveCfg = Release|Any CPU
		{753D41F1-12F0-41DA-8FDF-694A0EDD692D}.TIMEBOMB|x86.Build.0 = Release|Any CPU
		{B583055E-89FD-4781-962D-46775B2CEDEF}.Debug|Any CPU.ActiveCfg = Debug|Any CPU
		{B583055E-89FD-4781-962D-46775B2CEDEF}.Debug|Any CPU.Build.0 = Debug|Any CPU
		{B583055E-89FD-4781-962D-46775B2CEDEF}.Debug|x86.ActiveCfg = Debug|Any CPU
		{B583055E-89FD-4781-962D-46775B2CEDEF}.Debug|x86.Build.0 = Debug|Any CPU
		{B583055E-89FD-4781-962D-46775B2CEDEF}.Release|Any CPU.ActiveCfg = Release|Any CPU
		{B583055E-89FD-4781-962D-46775B2CEDEF}.Release|Any CPU.Build.0 = Release|Any CPU
		{B583055E-89FD-4781-962D-46775B2CEDEF}.Release|x86.ActiveCfg = Release|Any CPU
		{B583055E-89FD-4781-962D-46775B2CEDEF}.Release|x86.Build.0 = Release|Any CPU
		{B583055E-89FD-4781-962D-46775B2CEDEF}.Test|Any CPU.ActiveCfg = Release|Any CPU
		{B583055E-89FD-4781-962D-46775B2CEDEF}.Test|Any CPU.Build.0 = Release|Any CPU
		{B583055E-89FD-4781-962D-46775B2CEDEF}.Test|x86.ActiveCfg = Release|Any CPU
		{B583055E-89FD-4781-962D-46775B2CEDEF}.Test|x86.Build.0 = Release|Any CPU
		{B583055E-89FD-4781-962D-46775B2CEDEF}.TIMEBOMB|Any CPU.ActiveCfg = Release|Any CPU
		{B583055E-89FD-4781-962D-46775B2CEDEF}.TIMEBOMB|Any CPU.Build.0 = Release|Any CPU
		{B583055E-89FD-4781-962D-46775B2CEDEF}.TIMEBOMB|x86.ActiveCfg = Release|Any CPU
		{B583055E-89FD-4781-962D-46775B2CEDEF}.TIMEBOMB|x86.Build.0 = Release|Any CPU
	EndGlobalSection
	GlobalSection(SolutionProperties) = preSolution
		HideSolutionNode = FALSE
	EndGlobalSection
	GlobalSection(ExtensibilityGlobals) = postSolution
		SolutionGuid = {30A1FB1A-0A8C-4132-84DF-A989932D79E8}
	EndGlobalSection
EndGlobal
