
Microsoft Visual Studio Solution File, Format Version 12.00
# Visual Studio 2013
VisualStudioVersion = 12.0.30723.0
MinimumVisualStudioVersion = 10.0.40219.1
Project("{FAE04EC0-301F-11D3-BF4B-00C04F79EFBC}") = "SimpleWebSocketApplication", "SimpleWebSocketApplication.csproj", "{8C7A4F62-325C-4F31-BB11-8FEBE70B300D}"
EndProject
Global
	GlobalSection(SolutionConfigurationPlatforms) = preSolution
		Debug|Any CPU = Debug|Any CPU
		Release|Any CPU = Release|Any CPU
	EndGlobalSection
	GlobalSection(ProjectConfigurationPlatforms) = postSolution
		{8C7A4F62-325C-4F31-BB11-8FEBE70B300D}.Debug|Any CPU.ActiveCfg = Debug|Any CPU
		{8C7A4F62-325C-4F31-BB11-8FEBE70B300D}.Debug|Any CPU.Build.0 = Debug|Any CPU
		{8C7A4F62-325C-4F31-BB11-8FEBE70B300D}.Release|Any CPU.ActiveCfg = Release|Any CPU
		{8C7A4F62-325C-4F31-BB11-8FEBE70B300D}.Release|Any CPU.Build.0 = Release|Any CPU
	EndGlobalSection
	GlobalSection(SolutionProperties) = preSolution
		HideSolutionNode = FALSE
	EndGlobalSection
EndGlobal
