
Microsoft Visual Studio Solution File, Format Version 12.00
# Visual Studio 2013
VisualStudioVersion = 12.0.21005.1
MinimumVisualStudioVersion = 10.0.40219.1
Project("{FAE04EC0-301F-11D3-BF4B-00C04F79EFBC}") = "SPPDFGenerator", "SPPDFGenerator\SPPDFGenerator.csproj", "{01988BC9-8BAB-488D-8C91-F9CF95A1001D}"
EndProject
Global
	GlobalSection(SolutionConfigurationPlatforms) = preSolution
		Debug|Any CPU = Debug|Any CPU
		Release|Any CPU = Release|Any CPU
	EndGlobalSection
	GlobalSection(ProjectConfigurationPlatforms) = postSolution
		{01988BC9-8BAB-488D-8C91-F9CF95A1001D}.Debug|Any CPU.ActiveCfg = Debug|Any CPU
		{01988BC9-8BAB-488D-8C91-F9CF95A1001D}.Debug|Any CPU.Build.0 = Debug|Any CPU
		{01988BC9-8BAB-488D-8C91-F9CF95A1001D}.Debug|Any CPU.Deploy.0 = Debug|Any CPU
		{01988BC9-8BAB-488D-8C91-F9CF95A1001D}.Release|Any CPU.ActiveCfg = Release|Any CPU
		{01988BC9-8BAB-488D-8C91-F9CF95A1001D}.Release|Any CPU.Build.0 = Release|Any CPU
		{01988BC9-8BAB-488D-8C91-F9CF95A1001D}.Release|Any CPU.Deploy.0 = Release|Any CPU
	EndGlobalSection
	GlobalSection(SolutionProperties) = preSolution
		HideSolutionNode = FALSE
	EndGlobalSection
EndGlobal
