
Microsoft Visual Studio Solution File, Format Version 12.00
# Visual Studio 15
VisualStudioVersion = 15.0.26228.4
MinimumVisualStudioVersion = 10.0.40219.1
Project("{FAE04EC0-301F-11D3-BF4B-00C04F79EFBC}") = "WebAppVs2017", "WebAppVs2017\WebAppVs2017.csproj", "{DE753D1B-C017-4A16-8DB3-3CB7F5255C5E}"
EndProject
Global
	GlobalSection(SolutionConfigurationPlatforms) = preSolution
		Debug|Any CPU = Debug|Any CPU
		Release|Any CPU = Release|Any CPU
	EndGlobalSection
	GlobalSection(ProjectConfigurationPlatforms) = postSolution
		{DE753D1B-C017-4A16-8DB3-3CB7F5255C5E}.Debug|Any CPU.ActiveCfg = Debug|Any CPU
		{DE753D1B-C017-4A16-8DB3-3CB7F5255C5E}.Debug|Any CPU.Build.0 = Debug|Any CPU
		{DE753D1B-C017-4A16-8DB3-3CB7F5255C5E}.Release|Any CPU.ActiveCfg = Release|Any CPU
		{DE753D1B-C017-4A16-8DB3-3CB7F5255C5E}.Release|Any CPU.Build.0 = Release|Any CPU
	EndGlobalSection
	GlobalSection(SolutionProperties) = preSolution
		HideSolutionNode = FALSE
	EndGlobalSection
EndGlobal
