
Microsoft Visual Studio Solution File, Format Version 11.00
# Visual Studio 2010
Project("{FAE04EC0-301F-11D3-BF4B-00C04F79EFBC}") = "Dsl", "Dsl\Dsl.csproj", "{ADC11E09-8B41-4080-8459-71772F48C780}"
EndProject
Project("{FAE04EC0-301F-11D3-BF4B-00C04F79EFBC}") = "DslPackage", "DslPackage\DslPackage.csproj", "{B1637EB1-E48C-4367-AF51-5808155B71B7}"
EndProject
Project("{2150E333-8FDC-42A3-9474-1A3956D46DE8}") = "Solution Items", "Solution Items", "{FD8E3C52-4FD8-40BF-99E7-0654BBA6CD98}"
	ProjectSection(SolutionItems) = preProject
		Sample Guide.mht = Sample Guide.mht
	EndProjectSection
EndProject
Global
	GlobalSection(SolutionConfigurationPlatforms) = preSolution
		Debug|Any CPU = Debug|Any CPU
		Release|Any CPU = Release|Any CPU
	EndGlobalSection
	GlobalSection(ProjectConfigurationPlatforms) = postSolution
		{ADC11E09-8B41-4080-8459-71772F48C780}.Debug|Any CPU.ActiveCfg = Debug|Any CPU
		{ADC11E09-8B41-4080-8459-71772F48C780}.Debug|Any CPU.Build.0 = Debug|Any CPU
		{ADC11E09-8B41-4080-8459-71772F48C780}.Release|Any CPU.ActiveCfg = Release|Any CPU
		{ADC11E09-8B41-4080-8459-71772F48C780}.Release|Any CPU.Build.0 = Release|Any CPU
		{B1637EB1-E48C-4367-AF51-5808155B71B7}.Debug|Any CPU.ActiveCfg = Debug|Any CPU
		{B1637EB1-E48C-4367-AF51-5808155B71B7}.Debug|Any CPU.Build.0 = Debug|Any CPU
		{B1637EB1-E48C-4367-AF51-5808155B71B7}.Release|Any CPU.ActiveCfg = Release|Any CPU
		{B1637EB1-E48C-4367-AF51-5808155B71B7}.Release|Any CPU.Build.0 = Release|Any CPU
	EndGlobalSection
	GlobalSection(SolutionProperties) = preSolution
		HideSolutionNode = FALSE
	EndGlobalSection
EndGlobal
