
Microsoft Visual Studio Solution File, Format Version 11.00
# Visual Studio 2010
Project("{F184B08F-C81C-45F6-A57F-5ABD9991F28F}") = "adsMVVM_EntityFramework_Complete", "adsMVVM_EntityFramework_Complete\adsMVVM_EntityFramework_Complete.vbproj", "{66FE268A-45FE-4E95-96ED-8D9235E743E6}"
EndProject
Project("{F184B08F-C81C-45F6-A57F-5ABD9991F28F}") = "DAL", "DAL\DAL.vbproj", "{F079A8D8-9013-4493-8173-BF89F9D81D52}"
EndProject
Project("{F184B08F-C81C-45F6-A57F-5ABD9991F28F}") = "MVVMTestProject", "MVVMTestProject\MVVMTestProject.vbproj", "{5FADF5EA-52B5-4810-88FA-F090ADCB6F03}"
EndProject
Project("{2150E333-8FDC-42A3-9474-1A3956D46DE8}") = "Solution Items", "Solution Items", "{C82791C1-45E4-41FF-B376-9906C7FFA3EF}"
	ProjectSection(SolutionItems) = preProject
		adsMVVM_EntityFramework_Complete.vsmdi = adsMVVM_EntityFramework_Complete.vsmdi
		Local.testsettings = Local.testsettings
		TraceAndTestImpact.testsettings = TraceAndTestImpact.testsettings
	EndProjectSection
EndProject
Global
	GlobalSection(TestCaseManagementSettings) = postSolution
		CategoryFile = adsMVVM_EntityFramework_Complete.vsmdi
	EndGlobalSection
	GlobalSection(SolutionConfigurationPlatforms) = preSolution
		Debug|Any CPU = Debug|Any CPU
		Debug|Mixed Platforms = Debug|Mixed Platforms
		Debug|x86 = Debug|x86
		Release|Any CPU = Release|Any CPU
		Release|Mixed Platforms = Release|Mixed Platforms
		Release|x86 = Release|x86
	EndGlobalSection
	GlobalSection(ProjectConfigurationPlatforms) = postSolution
		{66FE268A-45FE-4E95-96ED-8D9235E743E6}.Debug|Any CPU.ActiveCfg = Debug|x86
		{66FE268A-45FE-4E95-96ED-8D9235E743E6}.Debug|Mixed Platforms.ActiveCfg = Debug|x86
		{66FE268A-45FE-4E95-96ED-8D9235E743E6}.Debug|Mixed Platforms.Build.0 = Debug|x86
		{66FE268A-45FE-4E95-96ED-8D9235E743E6}.Debug|x86.ActiveCfg = Debug|x86
		{66FE268A-45FE-4E95-96ED-8D9235E743E6}.Debug|x86.Build.0 = Debug|x86
		{66FE268A-45FE-4E95-96ED-8D9235E743E6}.Release|Any CPU.ActiveCfg = Release|x86
		{66FE268A-45FE-4E95-96ED-8D9235E743E6}.Release|Mixed Platforms.ActiveCfg = Release|x86
		{66FE268A-45FE-4E95-96ED-8D9235E743E6}.Release|Mixed Platforms.Build.0 = Release|x86
		{66FE268A-45FE-4E95-96ED-8D9235E743E6}.Release|x86.ActiveCfg = Release|x86
		{66FE268A-45FE-4E95-96ED-8D9235E743E6}.Release|x86.Build.0 = Release|x86
		{F079A8D8-9013-4493-8173-BF89F9D81D52}.Debug|Any CPU.ActiveCfg = Debug|Any CPU
		{F079A8D8-9013-4493-8173-BF89F9D81D52}.Debug|Any CPU.Build.0 = Debug|Any CPU
		{F079A8D8-9013-4493-8173-BF89F9D81D52}.Debug|Mixed Platforms.ActiveCfg = Debug|Any CPU
		{F079A8D8-9013-4493-8173-BF89F9D81D52}.Debug|Mixed Platforms.Build.0 = Debug|Any CPU
		{F079A8D8-9013-4493-8173-BF89F9D81D52}.Debug|x86.ActiveCfg = Debug|Any CPU
		{F079A8D8-9013-4493-8173-BF89F9D81D52}.Release|Any CPU.ActiveCfg = Release|Any CPU
		{F079A8D8-9013-4493-8173-BF89F9D81D52}.Release|Any CPU.Build.0 = Release|Any CPU
		{F079A8D8-9013-4493-8173-BF89F9D81D52}.Release|Mixed Platforms.ActiveCfg = Release|Any CPU
		{F079A8D8-9013-4493-8173-BF89F9D81D52}.Release|Mixed Platforms.Build.0 = Release|Any CPU
		{F079A8D8-9013-4493-8173-BF89F9D81D52}.Release|x86.ActiveCfg = Release|Any CPU
		{5FADF5EA-52B5-4810-88FA-F090ADCB6F03}.Debug|Any CPU.ActiveCfg = Debug|Any CPU
		{5FADF5EA-52B5-4810-88FA-F090ADCB6F03}.Debug|Any CPU.Build.0 = Debug|Any CPU
		{5FADF5EA-52B5-4810-88FA-F090ADCB6F03}.Debug|Mixed Platforms.ActiveCfg = Debug|Any CPU
		{5FADF5EA-52B5-4810-88FA-F090ADCB6F03}.Debug|Mixed Platforms.Build.0 = Debug|Any CPU
		{5FADF5EA-52B5-4810-88FA-F090ADCB6F03}.Debug|x86.ActiveCfg = Debug|Any CPU
		{5FADF5EA-52B5-4810-88FA-F090ADCB6F03}.Release|Any CPU.ActiveCfg = Release|Any CPU
		{5FADF5EA-52B5-4810-88FA-F090ADCB6F03}.Release|Any CPU.Build.0 = Release|Any CPU
		{5FADF5EA-52B5-4810-88FA-F090ADCB6F03}.Release|Mixed Platforms.ActiveCfg = Release|Any CPU
		{5FADF5EA-52B5-4810-88FA-F090ADCB6F03}.Release|Mixed Platforms.Build.0 = Release|Any CPU
		{5FADF5EA-52B5-4810-88FA-F090ADCB6F03}.Release|x86.ActiveCfg = Release|Any CPU
	EndGlobalSection
	GlobalSection(SolutionProperties) = preSolution
		HideSolutionNode = FALSE
	EndGlobalSection
EndGlobal
