
Microsoft Visual Studio Solution File, Format Version 12.00
# Visual Studio 2012
Project("{FAE04EC0-301F-11D3-BF4B-00C04F79EFBC}") = "SubscriptionsWithSAS", "SubscriptionsWithSAS\SubscriptionsWithSAS.csproj", "{BF984026-2CA5-4681-A4B5-46514093951F}"
EndProject
Global
	GlobalSection(SolutionConfigurationPlatforms) = preSolution
		Debug|Any CPU = Debug|Any CPU
		Release|Any CPU = Release|Any CPU
	EndGlobalSection
	GlobalSection(ProjectConfigurationPlatforms) = postSolution
		{BF984026-2CA5-4681-A4B5-46514093951F}.Debug|Any CPU.ActiveCfg = Debug|Any CPU
		{BF984026-2CA5-4681-A4B5-46514093951F}.Debug|Any CPU.Build.0 = Debug|Any CPU
		{BF984026-2CA5-4681-A4B5-46514093951F}.Release|Any CPU.ActiveCfg = Release|Any CPU
		{BF984026-2CA5-4681-A4B5-46514093951F}.Release|Any CPU.Build.0 = Release|Any CPU
	EndGlobalSection
	GlobalSection(SolutionProperties) = preSolution
		HideSolutionNode = FALSE
	EndGlobalSection
EndGlobal
