
Microsoft Visual Studio Solution File, Format Version 12.00
# Visual Studio 2013
VisualStudioVersion = 12.0.21005.1
MinimumVisualStudioVersion = 10.0.40219.1
Project("{FAE04EC0-301F-11D3-BF4B-00C04F79EFBC}") = "SharePoint2013.LabExamples", "SharePoint2013.LabExamples\SharePoint2013.LabExamples.csproj", "{81A6AB6F-0B1B-4835-9E81-AC0BBF41BE9E}"
EndProject
Global
	GlobalSection(SolutionConfigurationPlatforms) = preSolution
		Debug|Any CPU = Debug|Any CPU
		Release|Any CPU = Release|Any CPU
	EndGlobalSection
	GlobalSection(ProjectConfigurationPlatforms) = postSolution
		{81A6AB6F-0B1B-4835-9E81-AC0BBF41BE9E}.Debug|Any CPU.ActiveCfg = Debug|Any CPU
		{81A6AB6F-0B1B-4835-9E81-AC0BBF41BE9E}.Debug|Any CPU.Build.0 = Debug|Any CPU
		{81A6AB6F-0B1B-4835-9E81-AC0BBF41BE9E}.Debug|Any CPU.Deploy.0 = Debug|Any CPU
		{81A6AB6F-0B1B-4835-9E81-AC0BBF41BE9E}.Release|Any CPU.ActiveCfg = Release|Any CPU
		{81A6AB6F-0B1B-4835-9E81-AC0BBF41BE9E}.Release|Any CPU.Build.0 = Release|Any CPU
		{81A6AB6F-0B1B-4835-9E81-AC0BBF41BE9E}.Release|Any CPU.Deploy.0 = Release|Any CPU
	EndGlobalSection
	GlobalSection(SolutionProperties) = preSolution
		HideSolutionNode = FALSE
	EndGlobalSection
EndGlobal
