
Microsoft Visual Studio Solution File, Format Version 12.00
# Visual Studio 2012
Project("{F184B08F-C81C-45F6-A57F-5ABD9991F28F}") = "ExcelWorkbook", "ExcelWorkbook\ExcelWorkbook.vbproj", "{A7D99870-B93B-4D7D-B49B-898924C93656}"
EndProject
Project("{6141683F-8A12-4E36-9623-2EB02B2C2303}") = "OfficeAddInSetup", "OfficeAddInSetup\OfficeAddInSetup.isproj", "{EB3054BC-5DC3-4D64-893C-86FE696FF242}"
	ProjectSection(ProjectDependencies) = postProject
		{A7D99870-B93B-4D7D-B49B-898924C93656} = {A7D99870-B93B-4D7D-B49B-898924C93656}
		{011D78EA-FEB4-4604-9910-523ABAC952CF} = {011D78EA-FEB4-4604-9910-523ABAC952CF}
	EndProjectSection
EndProject
Project("{F184B08F-C81C-45F6-A57F-5ABD9991F28F}") = "SetExcelDocumentProperties", "SetExcelDocumentProperties\SetExcelDocumentProperties.vbproj", "{011D78EA-FEB4-4604-9910-523ABAC952CF}"
EndProject
Global
	GlobalSection(SolutionConfigurationPlatforms) = preSolution
		CD_ROM|Any CPU = CD_ROM|Any CPU
		Debug|Any CPU = Debug|Any CPU
		DVD-5|Any CPU = DVD-5|Any CPU
		Release|Any CPU = Release|Any CPU
		SingleImage|Any CPU = SingleImage|Any CPU
	EndGlobalSection
	GlobalSection(ProjectConfigurationPlatforms) = postSolution
		{A7D99870-B93B-4D7D-B49B-898924C93656}.CD_ROM|Any CPU.ActiveCfg = Release|Any CPU
		{A7D99870-B93B-4D7D-B49B-898924C93656}.CD_ROM|Any CPU.Build.0 = Release|Any CPU
		{A7D99870-B93B-4D7D-B49B-898924C93656}.Debug|Any CPU.ActiveCfg = Debug|Any CPU
		{A7D99870-B93B-4D7D-B49B-898924C93656}.Debug|Any CPU.Build.0 = Debug|Any CPU
		{A7D99870-B93B-4D7D-B49B-898924C93656}.DVD-5|Any CPU.ActiveCfg = Debug|Any CPU
		{A7D99870-B93B-4D7D-B49B-898924C93656}.DVD-5|Any CPU.Build.0 = Debug|Any CPU
		{A7D99870-B93B-4D7D-B49B-898924C93656}.Release|Any CPU.ActiveCfg = Release|Any CPU
		{A7D99870-B93B-4D7D-B49B-898924C93656}.Release|Any CPU.Build.0 = Release|Any CPU
		{A7D99870-B93B-4D7D-B49B-898924C93656}.SingleImage|Any CPU.ActiveCfg = Release|Any CPU
		{A7D99870-B93B-4D7D-B49B-898924C93656}.SingleImage|Any CPU.Build.0 = Release|Any CPU
		{EB3054BC-5DC3-4D64-893C-86FE696FF242}.CD_ROM|Any CPU.ActiveCfg = CD_ROM
		{EB3054BC-5DC3-4D64-893C-86FE696FF242}.CD_ROM|Any CPU.Build.0 = CD_ROM
		{EB3054BC-5DC3-4D64-893C-86FE696FF242}.Debug|Any CPU.ActiveCfg = DVD-5
		{EB3054BC-5DC3-4D64-893C-86FE696FF242}.Debug|Any CPU.Build.0 = DVD-5
		{EB3054BC-5DC3-4D64-893C-86FE696FF242}.DVD-5|Any CPU.ActiveCfg = DVD-5
		{EB3054BC-5DC3-4D64-893C-86FE696FF242}.DVD-5|Any CPU.Build.0 = DVD-5
		{EB3054BC-5DC3-4D64-893C-86FE696FF242}.Release|Any CPU.ActiveCfg = SingleImage
		{EB3054BC-5DC3-4D64-893C-86FE696FF242}.Release|Any CPU.Build.0 = SingleImage
		{EB3054BC-5DC3-4D64-893C-86FE696FF242}.SingleImage|Any CPU.ActiveCfg = SingleImage
		{EB3054BC-5DC3-4D64-893C-86FE696FF242}.SingleImage|Any CPU.Build.0 = SingleImage
		{011D78EA-FEB4-4604-9910-523ABAC952CF}.CD_ROM|Any CPU.ActiveCfg = Release|Any CPU
		{011D78EA-FEB4-4604-9910-523ABAC952CF}.CD_ROM|Any CPU.Build.0 = Release|Any CPU
		{011D78EA-FEB4-4604-9910-523ABAC952CF}.Debug|Any CPU.ActiveCfg = Debug|Any CPU
		{011D78EA-FEB4-4604-9910-523ABAC952CF}.Debug|Any CPU.Build.0 = Debug|Any CPU
		{011D78EA-FEB4-4604-9910-523ABAC952CF}.DVD-5|Any CPU.ActiveCfg = Debug|Any CPU
		{011D78EA-FEB4-4604-9910-523ABAC952CF}.DVD-5|Any CPU.Build.0 = Debug|Any CPU
		{011D78EA-FEB4-4604-9910-523ABAC952CF}.Release|Any CPU.ActiveCfg = Release|Any CPU
		{011D78EA-FEB4-4604-9910-523ABAC952CF}.Release|Any CPU.Build.0 = Release|Any CPU
		{011D78EA-FEB4-4604-9910-523ABAC952CF}.SingleImage|Any CPU.ActiveCfg = Release|Any CPU
		{011D78EA-FEB4-4604-9910-523ABAC952CF}.SingleImage|Any CPU.Build.0 = Release|Any CPU
	EndGlobalSection
	GlobalSection(SolutionProperties) = preSolution
		HideSolutionNode = FALSE
	EndGlobalSection
EndGlobal
