
Microsoft Visual Studio Solution File, Format Version 12.00
# Visual Studio 2012
Project("{FAE04EC0-301F-11D3-BF4B-00C04F79EFBC}") = "MasaSam.Data", "MasaSam.Data\MasaSam.Data.csproj", "{006751C8-4DC0-4920-BBB3-30DD25262BF9}"
EndProject
Project("{FAE04EC0-301F-11D3-BF4B-00C04F79EFBC}") = "MvcSample", "MvcSample\MvcSample.csproj", "{3FA2744A-6294-49A0-858A-E69C03BC99DD}"
EndProject
Global
	GlobalSection(SolutionConfigurationPlatforms) = preSolution
		Debug|Any CPU = Debug|Any CPU
		Release|Any CPU = Release|Any CPU
	EndGlobalSection
	GlobalSection(ProjectConfigurationPlatforms) = postSolution
		{006751C8-4DC0-4920-BBB3-30DD25262BF9}.Debug|Any CPU.ActiveCfg = Debug|Any CPU
		{006751C8-4DC0-4920-BBB3-30DD25262BF9}.Debug|Any CPU.Build.0 = Debug|Any CPU
		{006751C8-4DC0-4920-BBB3-30DD25262BF9}.Release|Any CPU.ActiveCfg = Release|Any CPU
		{006751C8-4DC0-4920-BBB3-30DD25262BF9}.Release|Any CPU.Build.0 = Release|Any CPU
		{3FA2744A-6294-49A0-858A-E69C03BC99DD}.Debug|Any CPU.ActiveCfg = Debug|Any CPU
		{3FA2744A-6294-49A0-858A-E69C03BC99DD}.Debug|Any CPU.Build.0 = Debug|Any CPU
		{3FA2744A-6294-49A0-858A-E69C03BC99DD}.Release|Any CPU.ActiveCfg = Release|Any CPU
		{3FA2744A-6294-49A0-858A-E69C03BC99DD}.Release|Any CPU.Build.0 = Release|Any CPU
	EndGlobalSection
	GlobalSection(SolutionProperties) = preSolution
		HideSolutionNode = FALSE
	EndGlobalSection
EndGlobal
