
Microsoft Visual Studio Solution File, Format Version 12.00
# Visual Studio 2012
Project("{FAE04EC0-301F-11D3-BF4B-00C04F79EFBC}") = "VirtueBuild.Data.Context", "DAL\VirtueBuild.Data.Context\VirtueBuild.Data.Context.csproj", "{C059358A-FFA3-43FB-9B15-930EDE5CB0EB}"
EndProject
Project("{2150E333-8FDC-42A3-9474-1A3956D46DE8}") = "DAL", "DAL", "{646D319B-13EF-47B2-AA5A-27598A40573D}"
EndProject
Project("{FAE04EC0-301F-11D3-BF4B-00C04F79EFBC}") = "VirtueBuild.Data.Infrastructure", "DAL\VirtueBuild.Data.Infrastructure\VirtueBuild.Data.Infrastructure.csproj", "{B5DB2AB3-C08D-4E88-ADE6-BC50B787D966}"
EndProject
Project("{2150E333-8FDC-42A3-9474-1A3956D46DE8}") = "Presentation", "Presentation", "{B6197947-77A5-4411-B336-E8C22DC8D0AD}"
EndProject
Project("{2150E333-8FDC-42A3-9474-1A3956D46DE8}") = "Domain", "Domain", "{C23FACB3-6B4F-4F95-9407-8E20382F1A3D}"
EndProject
Project("{FAE04EC0-301F-11D3-BF4B-00C04F79EFBC}") = "VirtueBuild.Domain", "Domain\VirtueBuild.Domain\VirtueBuild.Domain.csproj", "{35F230F1-A11F-459E-944E-B1A41AE16449}"
EndProject
Project("{2150E333-8FDC-42A3-9474-1A3956D46DE8}") = "Services", "Services", "{557A58FC-5461-4FA2-B54A-3440BBEDDCF9}"
EndProject
Project("{FAE04EC0-301F-11D3-BF4B-00C04F79EFBC}") = "VirtueBuild.ServiceHost", "Services\VirtueBuild.ServiceHost\VirtueBuild.ServiceHost.csproj", "{D9BEC814-EAA9-45CC-9D3D-DB56A5FFCF18}"
EndProject
Project("{2150E333-8FDC-42A3-9474-1A3956D46DE8}") = "WCF", "WCF", "{D66678F1-B760-422A-AA18-AFE3C6C979ED}"
EndProject
Project("{FAE04EC0-301F-11D3-BF4B-00C04F79EFBC}") = "VirtueBuild.ContextService", "Services\WCF\VirtueBuild.ContextService\VirtueBuild.ContextService.csproj", "{82B92F8D-47E8-46E5-877C-F80608532A93}"
EndProject
Project("{FAE04EC0-301F-11D3-BF4B-00C04F79EFBC}") = "VirtueBuild.SecurityService", "Services\WCF\VirtueBuild.SecurityService\VirtueBuild.SecurityService.csproj", "{15B3E0D2-6217-493A-A690-158C497F5318}"
EndProject
Project("{2150E333-8FDC-42A3-9474-1A3956D46DE8}") = "Framework", "Framework", "{C5FDC3CB-07EC-47C9-B665-D4C64F9E1181}"
EndProject
Project("{2150E333-8FDC-42A3-9474-1A3956D46DE8}") = "Core", "Core", "{1F8A4F8F-0FA2-44B6-A794-CDF51C8446BC}"
EndProject
Project("{2150E333-8FDC-42A3-9474-1A3956D46DE8}") = "Common", "Common", "{CF3DB650-253C-47B4-A99C-18BC922B9824}"
EndProject
Project("{2150E333-8FDC-42A3-9474-1A3956D46DE8}") = "Security", "Security", "{82718ADE-10A4-485B-8081-0B5697D76F96}"
EndProject
Project("{FAE04EC0-301F-11D3-BF4B-00C04F79EFBC}") = "VirtueBuild.Utilities", "Framework\Common\VirtueBuild.Utilities\VirtueBuild.Utilities.csproj", "{33C9D173-8737-4C80-AB40-88B0522A3FD5}"
EndProject
Project("{FAE04EC0-301F-11D3-BF4B-00C04F79EFBC}") = "VirtueBuild.Core", "Framework\Core\VirtueBuild.Core\VirtueBuild.Core.csproj", "{A9B1BF87-072B-4992-8A83-4C6815BE5E9E}"
EndProject
Project("{FAE04EC0-301F-11D3-BF4B-00C04F79EFBC}") = "VirtueBuild.Security", "Framework\Security\VirtueBuild.Security\VirtueBuild.Security.csproj", "{ADF56979-BE1B-4D14-8236-02635125F2D5}"
EndProject
Project("{2150E333-8FDC-42A3-9474-1A3956D46DE8}") = "Tests", "Tests", "{CE04449D-5170-4087-8307-47D40F88E696}"
EndProject
Project("{FAE04EC0-301F-11D3-BF4B-00C04F79EFBC}") = "IntegrationTest", "Tests\Integration\IntegrationTest\IntegrationTest.csproj", "{D07C7701-8D1C-4862-B2A9-9B4809D01CF9}"
EndProject
Project("{FAE04EC0-301F-11D3-BF4B-00C04F79EFBC}") = "Components.Test", "Tests\Components\Components.Test\Components.Test.csproj", "{1D3DEAC7-C132-4627-BDF8-E6C325A2233A}"
EndProject
Project("{2150E333-8FDC-42A3-9474-1A3956D46DE8}") = ".nuget", ".nuget", "{BC4CC439-C47C-485D-A40E-759E5E84DB83}"
	ProjectSection(SolutionItems) = preProject
		.nuget\NuGet.Config = .nuget\NuGet.Config
		.nuget\NuGet.exe = .nuget\NuGet.exe
		.nuget\NuGet.targets = .nuget\NuGet.targets
	EndProjectSection
EndProject
Project("{FAE04EC0-301F-11D3-BF4B-00C04F79EFBC}") = "MvcWebApp", "Presentation\Web\MvcWebApp\MvcWebApp.csproj", "{6AB57C5C-B92F-4207-AA41-964E0FC98FFD}"
EndProject
Project("{FAE04EC0-301F-11D3-BF4B-00C04F79EFBC}") = "MvcWebApp.Tests", "Presentation\Web\MvcWebApp.Tests\MvcWebApp.Tests.csproj", "{8820FDD8-D035-49F8-9E0A-87ADF667A872}"
EndProject
Global
	GlobalSection(TeamFoundationVersionControl) = preSolution
		SccNumberOfProjects = 14
		SccEnterpriseProvider = {4CA58AB2-18FA-4F8D-95D4-32DDF27D184C}
		SccTeamFoundationServer = https://tateeda.tfspreview.com/defaultcollection
		SccProjectUniqueName0 = DAL\\VirtueBuild.Data.Context\\VirtueBuild.Data.Context.csproj
		SccProjectTopLevelParentUniqueName0 = Tateeda.OpenFramework.sln
		SccProjectName0 = DAL/VirtueBuild.Data.Context
		SccLocalPath0 = DAL\\VirtueBuild.Data.Context
		SccProjectUniqueName1 = DAL\\VirtueBuild.Data.Infrastructure\\VirtueBuild.Data.Infrastructure.csproj
		SccProjectTopLevelParentUniqueName1 = Tateeda.OpenFramework.sln
		SccProjectName1 = DAL/VirtueBuild.Data.Infrastructure
		SccLocalPath1 = DAL\\VirtueBuild.Data.Infrastructure
		SccProjectUniqueName2 = Domain\\VirtueBuild.Domain\\VirtueBuild.Domain.csproj
		SccProjectTopLevelParentUniqueName2 = Tateeda.OpenFramework.sln
		SccProjectName2 = Domain/VirtueBuild.Domain
		SccLocalPath2 = Domain\\VirtueBuild.Domain
		SccProjectUniqueName3 = Services\\VirtueBuild.ServiceHost\\VirtueBuild.ServiceHost.csproj
		SccProjectTopLevelParentUniqueName3 = Tateeda.OpenFramework.sln
		SccProjectName3 = Services/VirtueBuild.ServiceHost
		SccLocalPath3 = Services\\VirtueBuild.ServiceHost
		SccProjectUniqueName4 = Services\\WCF\\VirtueBuild.ContextService\\VirtueBuild.ContextService.csproj
		SccProjectTopLevelParentUniqueName4 = Tateeda.OpenFramework.sln
		SccProjectName4 = Services/WCF/VirtueBuild.ContextService
		SccLocalPath4 = Services\\WCF\\VirtueBuild.ContextService
		SccProjectUniqueName5 = Services\\WCF\\VirtueBuild.SecurityService\\VirtueBuild.SecurityService.csproj
		SccProjectTopLevelParentUniqueName5 = Tateeda.OpenFramework.sln
		SccProjectName5 = Services/WCF/VirtueBuild.SecurityService
		SccLocalPath5 = Services\\WCF\\VirtueBuild.SecurityService
		SccProjectUniqueName6 = Framework\\Common\\VirtueBuild.Utilities\\VirtueBuild.Utilities.csproj
		SccProjectTopLevelParentUniqueName6 = Tateeda.OpenFramework.sln
		SccProjectName6 = Framework/Common/VirtueBuild.Utilities
		SccLocalPath6 = Framework\\Common\\VirtueBuild.Utilities
		SccProjectUniqueName7 = Framework\\Core\\VirtueBuild.Core\\VirtueBuild.Core.csproj
		SccProjectTopLevelParentUniqueName7 = Tateeda.OpenFramework.sln
		SccProjectName7 = Framework/Core/VirtueBuild.Core
		SccLocalPath7 = Framework\\Core\\VirtueBuild.Core
		SccProjectUniqueName8 = Framework\\Security\\VirtueBuild.Security\\VirtueBuild.Security.csproj
		SccProjectTopLevelParentUniqueName8 = Tateeda.OpenFramework.sln
		SccProjectName8 = Framework/Security/VirtueBuild.Security
		SccLocalPath8 = Framework\\Security\\VirtueBuild.Security
		SccProjectUniqueName9 = Tests\\Integration\\IntegrationTest\\IntegrationTest.csproj
		SccProjectTopLevelParentUniqueName9 = Tateeda.OpenFramework.sln
		SccProjectName9 = Tests/Integration/IntegrationTest
		SccLocalPath9 = Tests\\Integration\\IntegrationTest
		SccProjectUniqueName10 = Tests\\Components\\Components.Test\\Components.Test.csproj
		SccProjectTopLevelParentUniqueName10 = Tateeda.OpenFramework.sln
		SccProjectName10 = Tests/Components/Components.Test
		SccLocalPath10 = Tests\\Components\\Components.Test
		SccLocalPath11 = .
		SccProjectUniqueName12 = Presentation\\Web\\MvcWebApp.Tests\\MvcWebApp.Tests.csproj
		SccProjectTopLevelParentUniqueName12 = Tateeda.OpenFramework.sln
		SccProjectName12 = Presentation/Web/MvcWebApp.Tests
		SccLocalPath12 = Presentation\\Web\\MvcWebApp.Tests
		SccProjectUniqueName13 = Presentation\\Web\\MvcWebApp\\MvcWebApp.csproj
		SccProjectTopLevelParentUniqueName13 = Tateeda.OpenFramework.sln
		SccProjectName13 = Presentation/Web/MvcWebApp
		SccLocalPath13 = Presentation\\Web\\MvcWebApp
	EndGlobalSection
	GlobalSection(SolutionConfigurationPlatforms) = preSolution
		Debug|Any CPU = Debug|Any CPU
		Release|Any CPU = Release|Any CPU
	EndGlobalSection
	GlobalSection(ProjectConfigurationPlatforms) = postSolution
		{C059358A-FFA3-43FB-9B15-930EDE5CB0EB}.Debug|Any CPU.ActiveCfg = Debug|Any CPU
		{C059358A-FFA3-43FB-9B15-930EDE5CB0EB}.Debug|Any CPU.Build.0 = Debug|Any CPU
		{C059358A-FFA3-43FB-9B15-930EDE5CB0EB}.Release|Any CPU.ActiveCfg = Release|Any CPU
		{C059358A-FFA3-43FB-9B15-930EDE5CB0EB}.Release|Any CPU.Build.0 = Release|Any CPU
		{B5DB2AB3-C08D-4E88-ADE6-BC50B787D966}.Debug|Any CPU.ActiveCfg = Debug|Any CPU
		{B5DB2AB3-C08D-4E88-ADE6-BC50B787D966}.Debug|Any CPU.Build.0 = Debug|Any CPU
		{B5DB2AB3-C08D-4E88-ADE6-BC50B787D966}.Release|Any CPU.ActiveCfg = Release|Any CPU
		{B5DB2AB3-C08D-4E88-ADE6-BC50B787D966}.Release|Any CPU.Build.0 = Release|Any CPU
		{35F230F1-A11F-459E-944E-B1A41AE16449}.Debug|Any CPU.ActiveCfg = Debug|Any CPU
		{35F230F1-A11F-459E-944E-B1A41AE16449}.Debug|Any CPU.Build.0 = Debug|Any CPU
		{35F230F1-A11F-459E-944E-B1A41AE16449}.Release|Any CPU.ActiveCfg = Release|Any CPU
		{35F230F1-A11F-459E-944E-B1A41AE16449}.Release|Any CPU.Build.0 = Release|Any CPU
		{D9BEC814-EAA9-45CC-9D3D-DB56A5FFCF18}.Debug|Any CPU.ActiveCfg = Debug|Any CPU
		{D9BEC814-EAA9-45CC-9D3D-DB56A5FFCF18}.Debug|Any CPU.Build.0 = Debug|Any CPU
		{D9BEC814-EAA9-45CC-9D3D-DB56A5FFCF18}.Release|Any CPU.ActiveCfg = Release|Any CPU
		{D9BEC814-EAA9-45CC-9D3D-DB56A5FFCF18}.Release|Any CPU.Build.0 = Release|Any CPU
		{82B92F8D-47E8-46E5-877C-F80608532A93}.Debug|Any CPU.ActiveCfg = Debug|Any CPU
		{82B92F8D-47E8-46E5-877C-F80608532A93}.Debug|Any CPU.Build.0 = Debug|Any CPU
		{82B92F8D-47E8-46E5-877C-F80608532A93}.Release|Any CPU.ActiveCfg = Release|Any CPU
		{82B92F8D-47E8-46E5-877C-F80608532A93}.Release|Any CPU.Build.0 = Release|Any CPU
		{15B3E0D2-6217-493A-A690-158C497F5318}.Debug|Any CPU.ActiveCfg = Debug|Any CPU
		{15B3E0D2-6217-493A-A690-158C497F5318}.Debug|Any CPU.Build.0 = Debug|Any CPU
		{15B3E0D2-6217-493A-A690-158C497F5318}.Release|Any CPU.ActiveCfg = Release|Any CPU
		{15B3E0D2-6217-493A-A690-158C497F5318}.Release|Any CPU.Build.0 = Release|Any CPU
		{33C9D173-8737-4C80-AB40-88B0522A3FD5}.Debug|Any CPU.ActiveCfg = Debug|Any CPU
		{33C9D173-8737-4C80-AB40-88B0522A3FD5}.Debug|Any CPU.Build.0 = Debug|Any CPU
		{33C9D173-8737-4C80-AB40-88B0522A3FD5}.Release|Any CPU.ActiveCfg = Release|Any CPU
		{33C9D173-8737-4C80-AB40-88B0522A3FD5}.Release|Any CPU.Build.0 = Release|Any CPU
		{A9B1BF87-072B-4992-8A83-4C6815BE5E9E}.Debug|Any CPU.ActiveCfg = Debug|Any CPU
		{A9B1BF87-072B-4992-8A83-4C6815BE5E9E}.Debug|Any CPU.Build.0 = Debug|Any CPU
		{A9B1BF87-072B-4992-8A83-4C6815BE5E9E}.Release|Any CPU.ActiveCfg = Release|Any CPU
		{A9B1BF87-072B-4992-8A83-4C6815BE5E9E}.Release|Any CPU.Build.0 = Release|Any CPU
		{ADF56979-BE1B-4D14-8236-02635125F2D5}.Debug|Any CPU.ActiveCfg = Debug|Any CPU
		{ADF56979-BE1B-4D14-8236-02635125F2D5}.Debug|Any CPU.Build.0 = Debug|Any CPU
		{ADF56979-BE1B-4D14-8236-02635125F2D5}.Release|Any CPU.ActiveCfg = Release|Any CPU
		{ADF56979-BE1B-4D14-8236-02635125F2D5}.Release|Any CPU.Build.0 = Release|Any CPU
		{D07C7701-8D1C-4862-B2A9-9B4809D01CF9}.Debug|Any CPU.ActiveCfg = Debug|Any CPU
		{D07C7701-8D1C-4862-B2A9-9B4809D01CF9}.Debug|Any CPU.Build.0 = Debug|Any CPU
		{D07C7701-8D1C-4862-B2A9-9B4809D01CF9}.Release|Any CPU.ActiveCfg = Release|Any CPU
		{D07C7701-8D1C-4862-B2A9-9B4809D01CF9}.Release|Any CPU.Build.0 = Release|Any CPU
		{1D3DEAC7-C132-4627-BDF8-E6C325A2233A}.Debug|Any CPU.ActiveCfg = Debug|Any CPU
		{1D3DEAC7-C132-4627-BDF8-E6C325A2233A}.Debug|Any CPU.Build.0 = Debug|Any CPU
		{1D3DEAC7-C132-4627-BDF8-E6C325A2233A}.Release|Any CPU.ActiveCfg = Release|Any CPU
		{1D3DEAC7-C132-4627-BDF8-E6C325A2233A}.Release|Any CPU.Build.0 = Release|Any CPU
		{6AB57C5C-B92F-4207-AA41-964E0FC98FFD}.Debug|Any CPU.ActiveCfg = Debug|Any CPU
		{6AB57C5C-B92F-4207-AA41-964E0FC98FFD}.Debug|Any CPU.Build.0 = Debug|Any CPU
		{6AB57C5C-B92F-4207-AA41-964E0FC98FFD}.Release|Any CPU.ActiveCfg = Release|Any CPU
		{6AB57C5C-B92F-4207-AA41-964E0FC98FFD}.Release|Any CPU.Build.0 = Release|Any CPU
		{8820FDD8-D035-49F8-9E0A-87ADF667A872}.Debug|Any CPU.ActiveCfg = Debug|Any CPU
		{8820FDD8-D035-49F8-9E0A-87ADF667A872}.Debug|Any CPU.Build.0 = Debug|Any CPU
		{8820FDD8-D035-49F8-9E0A-87ADF667A872}.Release|Any CPU.ActiveCfg = Release|Any CPU
		{8820FDD8-D035-49F8-9E0A-87ADF667A872}.Release|Any CPU.Build.0 = Release|Any CPU
	EndGlobalSection
	GlobalSection(SolutionProperties) = preSolution
		HideSolutionNode = FALSE
	EndGlobalSection
	GlobalSection(NestedProjects) = preSolution
		{6AB57C5C-B92F-4207-AA41-964E0FC98FFD} = {B6197947-77A5-4411-B336-E8C22DC8D0AD}
		{C059358A-FFA3-43FB-9B15-930EDE5CB0EB} = {646D319B-13EF-47B2-AA5A-27598A40573D}
		{B5DB2AB3-C08D-4E88-ADE6-BC50B787D966} = {646D319B-13EF-47B2-AA5A-27598A40573D}
		{35F230F1-A11F-459E-944E-B1A41AE16449} = {C23FACB3-6B4F-4F95-9407-8E20382F1A3D}
		{D9BEC814-EAA9-45CC-9D3D-DB56A5FFCF18} = {557A58FC-5461-4FA2-B54A-3440BBEDDCF9}
		{D66678F1-B760-422A-AA18-AFE3C6C979ED} = {557A58FC-5461-4FA2-B54A-3440BBEDDCF9}
		{82B92F8D-47E8-46E5-877C-F80608532A93} = {D66678F1-B760-422A-AA18-AFE3C6C979ED}
		{15B3E0D2-6217-493A-A690-158C497F5318} = {D66678F1-B760-422A-AA18-AFE3C6C979ED}
		{1F8A4F8F-0FA2-44B6-A794-CDF51C8446BC} = {C5FDC3CB-07EC-47C9-B665-D4C64F9E1181}
		{CF3DB650-253C-47B4-A99C-18BC922B9824} = {C5FDC3CB-07EC-47C9-B665-D4C64F9E1181}
		{82718ADE-10A4-485B-8081-0B5697D76F96} = {C5FDC3CB-07EC-47C9-B665-D4C64F9E1181}
		{A9B1BF87-072B-4992-8A83-4C6815BE5E9E} = {1F8A4F8F-0FA2-44B6-A794-CDF51C8446BC}
		{33C9D173-8737-4C80-AB40-88B0522A3FD5} = {CF3DB650-253C-47B4-A99C-18BC922B9824}
		{ADF56979-BE1B-4D14-8236-02635125F2D5} = {82718ADE-10A4-485B-8081-0B5697D76F96}
		{D07C7701-8D1C-4862-B2A9-9B4809D01CF9} = {CE04449D-5170-4087-8307-47D40F88E696}
		{1D3DEAC7-C132-4627-BDF8-E6C325A2233A} = {CE04449D-5170-4087-8307-47D40F88E696}
		{8820FDD8-D035-49F8-9E0A-87ADF667A872} = {CE04449D-5170-4087-8307-47D40F88E696}
	EndGlobalSection
EndGlobal
