
Microsoft Visual Studio Solution File, Format Version 11.00
# Visual Studio 2010
Project("{FAE04EC0-301F-11D3-BF4B-00C04F79EFBC}") = "NBodySimulation", "NBodySimulation\NBodySimulation.csproj", "{D42E470B-3273-4426-A64B-E90FA2017560}"
EndProject
Project("{F2A71F9B-5D33-465A-A702-920D77279786}") = "NBodySimulationBackend", "NBodySimulationBackend\NBodySimulationBackend.fsproj", "{D842F0D2-9CBB-49FA-B111-DB3F5E012781}"
EndProject
Global
	GlobalSection(SolutionConfigurationPlatforms) = preSolution
		Debug|Any CPU = Debug|Any CPU
		Debug|Mixed Platforms = Debug|Mixed Platforms
		Debug|x86 = Debug|x86
		Release|Any CPU = Release|Any CPU
		Release|Mixed Platforms = Release|Mixed Platforms
		Release|x86 = Release|x86
	EndGlobalSection
	GlobalSection(ProjectConfigurationPlatforms) = postSolution
		{D42E470B-3273-4426-A64B-E90FA2017560}.Debug|Any CPU.ActiveCfg = Debug|x86
		{D42E470B-3273-4426-A64B-E90FA2017560}.Debug|Mixed Platforms.ActiveCfg = Debug|x86
		{D42E470B-3273-4426-A64B-E90FA2017560}.Debug|Mixed Platforms.Build.0 = Debug|x86
		{D42E470B-3273-4426-A64B-E90FA2017560}.Debug|x86.ActiveCfg = Debug|x86
		{D42E470B-3273-4426-A64B-E90FA2017560}.Debug|x86.Build.0 = Debug|x86
		{D42E470B-3273-4426-A64B-E90FA2017560}.Release|Any CPU.ActiveCfg = Release|x86
		{D42E470B-3273-4426-A64B-E90FA2017560}.Release|Mixed Platforms.ActiveCfg = Release|x86
		{D42E470B-3273-4426-A64B-E90FA2017560}.Release|Mixed Platforms.Build.0 = Release|x86
		{D42E470B-3273-4426-A64B-E90FA2017560}.Release|x86.ActiveCfg = Release|x86
		{D42E470B-3273-4426-A64B-E90FA2017560}.Release|x86.Build.0 = Release|x86
		{D842F0D2-9CBB-49FA-B111-DB3F5E012781}.Debug|Any CPU.ActiveCfg = Debug|Any CPU
		{D842F0D2-9CBB-49FA-B111-DB3F5E012781}.Debug|Any CPU.Build.0 = Debug|Any CPU
		{D842F0D2-9CBB-49FA-B111-DB3F5E012781}.Debug|Mixed Platforms.ActiveCfg = Debug|Any CPU
		{D842F0D2-9CBB-49FA-B111-DB3F5E012781}.Debug|Mixed Platforms.Build.0 = Debug|Any CPU
		{D842F0D2-9CBB-49FA-B111-DB3F5E012781}.Debug|x86.ActiveCfg = Debug|Any CPU
		{D842F0D2-9CBB-49FA-B111-DB3F5E012781}.Release|Any CPU.ActiveCfg = Release|Any CPU
		{D842F0D2-9CBB-49FA-B111-DB3F5E012781}.Release|Any CPU.Build.0 = Release|Any CPU
		{D842F0D2-9CBB-49FA-B111-DB3F5E012781}.Release|Mixed Platforms.ActiveCfg = Release|Any CPU
		{D842F0D2-9CBB-49FA-B111-DB3F5E012781}.Release|Mixed Platforms.Build.0 = Release|Any CPU
		{D842F0D2-9CBB-49FA-B111-DB3F5E012781}.Release|x86.ActiveCfg = Release|Any CPU
	EndGlobalSection
	GlobalSection(SolutionProperties) = preSolution
		HideSolutionNode = FALSE
	EndGlobalSection
EndGlobal
