
Microsoft Visual Studio Solution File, Format Version 12.00
# Visual Studio 11
Project("{F184B08F-C81C-45F6-A57F-5ABD9991F28F}") = "MasterDetailsExcel", "MasterDetailsExcel\MasterDetailsExcel.vbproj", "{E578F744-CA9E-40E8-984E-E0D382EAC3D5}"
EndProject
Global
	GlobalSection(SolutionConfigurationPlatforms) = preSolution
		Debug|Any CPU = Debug|Any CPU
		Release|Any CPU = Release|Any CPU
	EndGlobalSection
	GlobalSection(ProjectConfigurationPlatforms) = postSolution
		{E578F744-CA9E-40E8-984E-E0D382EAC3D5}.Debug|Any CPU.ActiveCfg = Debug|Any CPU
		{E578F744-CA9E-40E8-984E-E0D382EAC3D5}.Debug|Any CPU.Build.0 = Debug|Any CPU
		{E578F744-CA9E-40E8-984E-E0D382EAC3D5}.Release|Any CPU.ActiveCfg = Release|Any CPU
		{E578F744-CA9E-40E8-984E-E0D382EAC3D5}.Release|Any CPU.Build.0 = Release|Any CPU
	EndGlobalSection
	GlobalSection(SolutionProperties) = preSolution
		HideSolutionNode = FALSE
	EndGlobalSection
EndGlobal
