
Microsoft Visual Studio Solution File, Format Version 12.00
# Visual Studio 2012
Project("{FAE04EC0-301F-11D3-BF4B-00C04F79EFBC}") = "SimpleUsersOnLine", "SimpleUsersOnLine\SimpleUsersOnLine.csproj", "{8916BE75-C1D9-4C2D-93F8-243E6F8D736F}"
EndProject
Project("{E24C65DC-7377-472B-9ABA-BC803B73C61A}") = "SimpleUsersOnLineVB", "http://localhost:3325", "{36849A24-6AE5-4EDD-95DD-AD1BF4EF45EA}"
	ProjectSection(WebsiteProperties) = preProject
		UseIISExpress = "true"
		TargetFrameworkMoniker = ".NETFramework,Version%3Dv4.0"
		Debug.AspNetCompiler.VirtualPath = "/localhost_3325"
		Debug.AspNetCompiler.PhysicalPath = "..\SimpleUsersOnLineVB\"
		Debug.AspNetCompiler.TargetPath = "PrecompiledWeb\localhost_3325\"
		Debug.AspNetCompiler.Updateable = "true"
		Debug.AspNetCompiler.ForceOverwrite = "true"
		Debug.AspNetCompiler.FixedNames = "false"
		Debug.AspNetCompiler.Debug = "True"
		Release.AspNetCompiler.VirtualPath = "/localhost_3325"
		Release.AspNetCompiler.PhysicalPath = "..\SimpleUsersOnLineVB\"
		Release.AspNetCompiler.TargetPath = "PrecompiledWeb\localhost_3325\"
		Release.AspNetCompiler.Updateable = "true"
		Release.AspNetCompiler.ForceOverwrite = "true"
		Release.AspNetCompiler.FixedNames = "false"
		Release.AspNetCompiler.Debug = "False"
		SlnRelativePath = "..\SimpleUsersOnLineVB\"
		DefaultWebSiteLanguage = "Visual Basic"
	EndProjectSection
EndProject
Global
	GlobalSection(SolutionConfigurationPlatforms) = preSolution
		Debug|Any CPU = Debug|Any CPU
		Release|Any CPU = Release|Any CPU
	EndGlobalSection
	GlobalSection(ProjectConfigurationPlatforms) = postSolution
		{8916BE75-C1D9-4C2D-93F8-243E6F8D736F}.Debug|Any CPU.ActiveCfg = Debug|Any CPU
		{8916BE75-C1D9-4C2D-93F8-243E6F8D736F}.Debug|Any CPU.Build.0 = Debug|Any CPU
		{8916BE75-C1D9-4C2D-93F8-243E6F8D736F}.Release|Any CPU.ActiveCfg = Release|Any CPU
		{8916BE75-C1D9-4C2D-93F8-243E6F8D736F}.Release|Any CPU.Build.0 = Release|Any CPU
		{36849A24-6AE5-4EDD-95DD-AD1BF4EF45EA}.Debug|Any CPU.ActiveCfg = Debug|Any CPU
		{36849A24-6AE5-4EDD-95DD-AD1BF4EF45EA}.Debug|Any CPU.Build.0 = Debug|Any CPU
		{36849A24-6AE5-4EDD-95DD-AD1BF4EF45EA}.Release|Any CPU.ActiveCfg = Debug|Any CPU
		{36849A24-6AE5-4EDD-95DD-AD1BF4EF45EA}.Release|Any CPU.Build.0 = Debug|Any CPU
	EndGlobalSection
	GlobalSection(SolutionProperties) = preSolution
		HideSolutionNode = FALSE
	EndGlobalSection
EndGlobal
