
Microsoft Visual Studio Solution File, Format Version 12.00
# Visual Studio 2012
Project("{FAE04EC0-301F-11D3-BF4B-00C04F79EFBC}") = "MVVMValidation", "MVVMValidation\MVVMValidation.csproj", "{F3382DF2-19AF-44F1-A7BE-9DC6E58A12BA}"
EndProject
Global
	GlobalSection(SolutionConfigurationPlatforms) = preSolution
		Debug|Any CPU = Debug|Any CPU
		Release|Any CPU = Release|Any CPU
	EndGlobalSection
	GlobalSection(ProjectConfigurationPlatforms) = postSolution
		{F3382DF2-19AF-44F1-A7BE-9DC6E58A12BA}.Debug|Any CPU.ActiveCfg = Debug|Any CPU
		{F3382DF2-19AF-44F1-A7BE-9DC6E58A12BA}.Debug|Any CPU.Build.0 = Debug|Any CPU
		{F3382DF2-19AF-44F1-A7BE-9DC6E58A12BA}.Release|Any CPU.ActiveCfg = Release|Any CPU
		{F3382DF2-19AF-44F1-A7BE-9DC6E58A12BA}.Release|Any CPU.Build.0 = Release|Any CPU
	EndGlobalSection
	GlobalSection(SolutionProperties) = preSolution
		HideSolutionNode = FALSE
	EndGlobalSection
EndGlobal
